<?xml version="1.0" encoding="utf-8"?>
<Project ToolsVersion="4.0" xmlns="http://schemas.microsoft.com/developer/msbuild/2003">
  <ItemGroup>
    <Filter Include="00.System">
      <UniqueIdentifier>{598d0bca-6a4c-4d7b-a5a9-ba8fd669e281}</UniqueIdentifier>
    </Filter>
    <Filter Include="01.Utility">
      <UniqueIdentifier>{c5b8208d-5473-4423-b6c8-a17ec02452fd}</UniqueIdentifier>
    </Filter>
    <Filter Include="01.Utility\99.SuperClass">
      <UniqueIdentifier>{5c814778-59de-45e5-acfd-6d42ca76a493}</UniqueIdentifier>
    </Filter>
    <Filter Include="99.Header">
      <UniqueIdentifier>{b01f4241-c402-4078-818e-7547f0ae30f5}</UniqueIdentifier>
    </Filter>
    <Filter Include="00.System\00.Device">
      <UniqueIdentifier>{cbde71c7-885e-4f3b-b44f-e5861dff7a22}</UniqueIdentifier>
    </Filter>
    <Filter Include="00.System\01.Timer">
      <UniqueIdentifier>{57b801de-da6c-4381-bc76-e71d1c525d52}</UniqueIdentifier>
    </Filter>
    <Filter Include="00.System\00.Device\GraphicDevice">
      <UniqueIdentifier>{ef3765c8-df4b-48dd-a6eb-c1b83b7a6f44}</UniqueIdentifier>
    </Filter>
    <Filter Include="00.System\00.Device\Input">
      <UniqueIdentifier>{c93c9f3c-9ba0-4385-8d2a-aa225960b46f}</UniqueIdentifier>
    </Filter>
    <Filter Include="00.System\00.Device\Sound">
      <UniqueIdentifier>{d6f86a2d-7673-417e-82f5-8979b234ef00}</UniqueIdentifier>
    </Filter>
    <Filter Include="01.Utility\00.GameInstance">
      <UniqueIdentifier>{87e2e8b5-314d-4925-852f-2a30c15a2fb2}</UniqueIdentifier>
    </Filter>
    <Filter Include="01.Utility\01.Level">
      <UniqueIdentifier>{b1729c2f-0265-4e60-918d-db0b992ca264}</UniqueIdentifier>
    </Filter>
    <Filter Include="01.Utility\03.Component">
      <UniqueIdentifier>{e75b0548-ca72-4056-a0fc-ec306fd0f081}</UniqueIdentifier>
    </Filter>
    <Filter Include="01.Utility\04.PipeLine">
      <UniqueIdentifier>{56bb737e-d303-4214-8ab3-6b6210ba7bee}</UniqueIdentifier>
    </Filter>
    <Filter Include="01.Utility\05.Font">
      <UniqueIdentifier>{693cd777-2e5e-4b1f-8f82-398df6828ce9}</UniqueIdentifier>
    </Filter>
    <Filter Include="01.Utility\06.RenderTarget">
      <UniqueIdentifier>{0c712285-66cf-4fd4-a931-38f060d440b6}</UniqueIdentifier>
    </Filter>
    <Filter Include="01.Utility\07.Lights">
      <UniqueIdentifier>{54c97bbf-9533-4b4f-b1d6-751d19732191}</UniqueIdentifier>
    </Filter>
    <Filter Include="01.Utility\08.Furstum">
      <UniqueIdentifier>{77ca8d40-48a1-47eb-a1f4-ece3cdebb69e}</UniqueIdentifier>
    </Filter>
    <Filter Include="01.Utility\97.Picking">
      <UniqueIdentifier>{22de097f-b14a-4db4-8e09-2bd9689c6b87}</UniqueIdentifier>
    </Filter>
    <Filter Include="01.Utility\98.Renderer">
      <UniqueIdentifier>{a3decb58-57c2-4994-97a3-59a060572406}</UniqueIdentifier>
    </Filter>
    <Filter Include="01.Utility\01.Level\Manager">
      <UniqueIdentifier>{29cda5c3-11ff-4f72-9a09-93aaf0a4a1a5}</UniqueIdentifier>
    </Filter>
    <Filter Include="01.Utility\06.RenderTarget\Manager">
      <UniqueIdentifier>{954a0ca8-dbf9-4e18-bc5b-124c1246b4ec}</UniqueIdentifier>
    </Filter>
    <Filter Include="01.Utility\05.Font\Manager">
      <UniqueIdentifier>{57df06fa-f9d8-4ca4-ba03-70c7b4ce0cbf}</UniqueIdentifier>
    </Filter>
    <Filter Include="01.Utility\07.Lights\Manager">
      <UniqueIdentifier>{9ab2d303-7940-4a2d-ba2b-9463ca74f2a2}</UniqueIdentifier>
    </Filter>
    <Filter Include="00.System\01.Timer\Manager">
      <UniqueIdentifier>{c2768b70-b222-4948-bb90-78f12c6d4973}</UniqueIdentifier>
    </Filter>
    <Filter Include="98.Shader">
      <UniqueIdentifier>{f77574d2-33a3-4ed6-8469-8df068738c71}</UniqueIdentifier>
    </Filter>
    <Filter Include="01.Utility\09.Convert">
      <UniqueIdentifier>{59290998-d7fe-45e5-93e6-8dd14de04fe2}</UniqueIdentifier>
    </Filter>
    <Filter Include="01.Utility\03.Component\00.Manager">
      <UniqueIdentifier>{7545ca8d-9df3-4487-93cc-f3965f518e1b}</UniqueIdentifier>
    </Filter>
    <Filter Include="01.Utility\03.Component\01.VIBuffer">
      <UniqueIdentifier>{68fe613b-c065-4e93-9ad3-b8d4569810cb}</UniqueIdentifier>
    </Filter>
    <Filter Include="01.Utility\03.Component\01.VIBuffer\Cell">
      <UniqueIdentifier>{270aa881-3a0c-4545-a7e2-6a072035b438}</UniqueIdentifier>
    </Filter>
    <Filter Include="01.Utility\03.Component\01.VIBuffer\Instance">
      <UniqueIdentifier>{2c91f0d9-17d4-41d3-8b62-304b815e4987}</UniqueIdentifier>
    </Filter>
    <Filter Include="01.Utility\03.Component\01.VIBuffer\Instance\Point">
      <UniqueIdentifier>{18b1ab30-0c3a-432c-a326-8b867e4a162f}</UniqueIdentifier>
    </Filter>
    <Filter Include="01.Utility\03.Component\01.VIBuffer\Instance\Rect">
      <UniqueIdentifier>{5c498873-d7e0-443e-b116-c6cb6076d3e3}</UniqueIdentifier>
    </Filter>
    <Filter Include="01.Utility\03.Component\01.VIBuffer\Rect">
      <UniqueIdentifier>{3b2691ba-7f56-4dd0-bdea-7c82d86564b5}</UniqueIdentifier>
    </Filter>
    <Filter Include="01.Utility\03.Component\01.VIBuffer\Terrain">
      <UniqueIdentifier>{35d0c2dd-5013-4468-a0c6-5b5b9d0bfc55}</UniqueIdentifier>
    </Filter>
    <Filter Include="01.Utility\03.Component\01.VIBuffer\Terrain\Terrain_Flat">
      <UniqueIdentifier>{41e206e5-6bf3-49e5-9b34-76c1dcb0ac91}</UniqueIdentifier>
    </Filter>
    <Filter Include="01.Utility\03.Component\01.VIBuffer\Trail">
      <UniqueIdentifier>{4405387d-ed72-445b-87c2-4494b9b7a328}</UniqueIdentifier>
    </Filter>
    <Filter Include="01.Utility\03.Component\02.Transform">
      <UniqueIdentifier>{d1fc49cf-eaad-4c8a-bec6-24f4bb7f7286}</UniqueIdentifier>
    </Filter>
    <Filter Include="01.Utility\03.Component\03.Texture">
      <UniqueIdentifier>{9b758699-35c1-42f0-af34-540d648b09d8}</UniqueIdentifier>
    </Filter>
    <Filter Include="01.Utility\03.Component\04.Shader">
      <UniqueIdentifier>{5541de99-5be2-4642-b376-e30920ed74c4}</UniqueIdentifier>
    </Filter>
    <Filter Include="01.Utility\03.Component\05.Model">
      <UniqueIdentifier>{de1d3766-85a1-4b49-8b10-e94e2042b1dd}</UniqueIdentifier>
    </Filter>
    <Filter Include="01.Utility\03.Component\05.Model\Animation">
      <UniqueIdentifier>{98c86d28-2136-48d5-87d0-c2b2c260b87c}</UniqueIdentifier>
    </Filter>
    <Filter Include="01.Utility\03.Component\05.Model\Animation\Channel">
      <UniqueIdentifier>{7e1ebc48-95ac-4058-97fd-68bdc8cbe2a3}</UniqueIdentifier>
    </Filter>
    <Filter Include="01.Utility\03.Component\05.Model\Bone">
      <UniqueIdentifier>{1fdf2eb8-008d-47d1-946f-0994e14a0098}</UniqueIdentifier>
    </Filter>
    <Filter Include="01.Utility\03.Component\05.Model\Mesh">
      <UniqueIdentifier>{37a28503-01af-47c3-8171-8433f2704086}</UniqueIdentifier>
    </Filter>
    <Filter Include="01.Utility\03.Component\06.Navigation">
      <UniqueIdentifier>{b4037c04-10a2-4070-b7d0-246264f96228}</UniqueIdentifier>
    </Filter>
    <Filter Include="01.Utility\03.Component\06.Navigation\Cell">
      <UniqueIdentifier>{a62f8446-83be-4834-a08b-24e1fe5873e4}</UniqueIdentifier>
    </Filter>
    <Filter Include="01.Utility\03.Component\07.Collider">
      <UniqueIdentifier>{2d20b488-23ac-4f98-ac35-9a45339e143c}</UniqueIdentifier>
    </Filter>
    <Filter Include="01.Utility\03.Component\07.Collider\Bounding">
      <UniqueIdentifier>{f741f44f-5b6c-40be-99ea-1b47c9b079b7}</UniqueIdentifier>
    </Filter>
    <Filter Include="01.Utility\03.Component\07.Collider\Bounding\AABB">
      <UniqueIdentifier>{bb17295b-d513-4781-bb83-17046c42dca6}</UniqueIdentifier>
    </Filter>
    <Filter Include="01.Utility\03.Component\07.Collider\Bounding\OBB">
      <UniqueIdentifier>{fa39bc0e-ad7a-45f5-ad31-fc54880e83f7}</UniqueIdentifier>
    </Filter>
    <Filter Include="01.Utility\03.Component\07.Collider\Bounding\Sphere">
      <UniqueIdentifier>{cb6e7bf5-faac-478b-9ac8-d9330b05e653}</UniqueIdentifier>
    </Filter>
    <Filter Include="01.Utility\03.Component\07.Collider\DebugDraw">
      <UniqueIdentifier>{6186c345-8a17-413f-a528-d5c347937e05}</UniqueIdentifier>
    </Filter>
    <Filter Include="01.Utility\03.Component\01.VIBuffer\Cube">
      <UniqueIdentifier>{55219448-7564-41f8-b838-0c2a13944b50}</UniqueIdentifier>
    </Filter>
    <Filter Include="01.Utility\10.Random">
      <UniqueIdentifier>{7023e928-6a8a-4376-a161-481610a029e9}</UniqueIdentifier>
    </Filter>
    <Filter Include="01.Utility\03.Component\08.ComputeShader">
      <UniqueIdentifier>{0c4835a7-cc1d-4213-a200-edf37363c233}</UniqueIdentifier>
    </Filter>
    <Filter Include="01.Utility\03.Component\09.Animation">
      <UniqueIdentifier>{2ff9a63d-40d0-42e3-affa-f343d3f9c0b4}</UniqueIdentifier>
    </Filter>
    <Filter Include="01.Utility\11.BTNode">
      <UniqueIdentifier>{a10b8bd0-185e-4336-bdb6-e77a92033ac9}</UniqueIdentifier>
    </Filter>
    <Filter Include="01.Utility\11.BTNode\Manager">
      <UniqueIdentifier>{3bdfb931-41b4-4b0f-b653-8b9c0f754f16}</UniqueIdentifier>
    </Filter>
    <Filter Include="01.Utility\03.Component\02.GameObject">
      <UniqueIdentifier>{75d4de9b-07dc-4dbc-af27-e4f86b637251}</UniqueIdentifier>
    </Filter>
    <Filter Include="01.Utility\03.Component\02.GameObject\Manager">
      <UniqueIdentifier>{cbf47f5f-3c2b-4fe7-b960-2fc50684cd36}</UniqueIdentifier>
    </Filter>
    <Filter Include="01.Utility\03.Component\02.GameObject\Manager\Layer">
      <UniqueIdentifier>{cfe7261e-f4be-4c46-8a37-1b5dc2cb279a}</UniqueIdentifier>
    </Filter>
    <Filter Include="01.Utility\03.Component\02.GameObject\BlendObject">
      <UniqueIdentifier>{c6f47ef3-5da5-454b-9d15-3588409b814f}</UniqueIdentifier>
    </Filter>
    <Filter Include="01.Utility\03.Component\02.GameObject\Camera">
      <UniqueIdentifier>{e59c98b4-d124-4e00-bc17-75aa0d04497d}</UniqueIdentifier>
	</Filter>
    <Filter Include="01.Utility\03.Component\10.AStart">
      <UniqueIdentifier>{3034f1c8-6ec5-464d-aad9-15c21d938877}</UniqueIdentifier>
    </Filter>
  </ItemGroup>
  <ItemGroup>
    <ClInclude Include="..\public\Base.h">
      <Filter>01.Utility\99.SuperClass</Filter>
    </ClInclude>
    <ClInclude Include="..\Public\Engine_Defines.h">
      <Filter>99.Header</Filter>
    </ClInclude>
    <ClInclude Include="..\Public\Engine_Function.h">
      <Filter>99.Header</Filter>
    </ClInclude>
    <ClInclude Include="..\Public\Engine_Macro.h">
      <Filter>99.Header</Filter>
    </ClInclude>
    <ClInclude Include="..\Public\Engine_Struct.h">
      <Filter>99.Header</Filter>
    </ClInclude>
    <ClInclude Include="..\Public\Engine_Typedef.h">
      <Filter>99.Header</Filter>
    </ClInclude>
    <ClInclude Include="..\Public\Timer.h">
      <Filter>00.System\01.Timer</Filter>
    </ClInclude>
    <ClInclude Include="..\Public\Graphic_Device.h">
      <Filter>00.System\00.Device\GraphicDevice</Filter>
    </ClInclude>
    <ClInclude Include="..\Public\Input_Device.h">
      <Filter>00.System\00.Device\Input</Filter>
    </ClInclude>
    <ClInclude Include="..\Public\SoundMgr.h">
      <Filter>00.System\00.Device\Sound</Filter>
    </ClInclude>
    <ClInclude Include="..\Public\GameInstance.h">
      <Filter>01.Utility\00.GameInstance</Filter>
    </ClInclude>
    <ClInclude Include="..\Public\GameObject.h">
      <Filter>01.Utility\03.Component\02.GameObject</Filter>
    </ClInclude>
    <ClInclude Include="..\Public\GameObject_Manager.h">
      <Filter>01.Utility\03.Component\02.GameObject\Manager</Filter>
    </ClInclude>
    <ClInclude Include="..\Public\Layer.h">
      <Filter>01.Utility\03.Component\02.GameObject\Manager\Layer</Filter>
    </ClInclude>
    <ClInclude Include="..\Public\Level.h">
      <Filter>01.Utility\01.Level</Filter>
    </ClInclude>
    <ClInclude Include="..\Public\Level_Manager.h">
      <Filter>01.Utility\01.Level\Manager</Filter>
    </ClInclude>
    <ClInclude Include="..\Public\Camera.h">
      <Filter>01.Utility\03.Component\02.GameObject\Camera</Filter>
    </ClInclude>
    <ClInclude Include="..\Public\BlendObject.h">
      <Filter>01.Utility\03.Component\02.GameObject\BlendObject</Filter>
    </ClInclude>
    <ClInclude Include="..\Public\DebugDraw.h">
      <Filter>01.Utility\03.Component\07.Collider\DebugDraw</Filter>
    </ClInclude>
    <ClInclude Include="..\Public\Bounding.h">
      <Filter>01.Utility\03.Component\07.Collider\Bounding</Filter>
    </ClInclude>
    <ClInclude Include="..\Public\Bounding_AABB.h">
      <Filter>01.Utility\03.Component\07.Collider\Bounding\AABB</Filter>
    </ClInclude>
    <ClInclude Include="..\Public\Bounding_OBB.h">
      <Filter>01.Utility\03.Component\07.Collider\Bounding\OBB</Filter>
    </ClInclude>
    <ClInclude Include="..\Public\Bounding_Sphere.h">
      <Filter>01.Utility\03.Component\07.Collider\Bounding\Sphere</Filter>
    </ClInclude>
    <ClInclude Include="..\Public\Collider.h">
      <Filter>01.Utility\03.Component\07.Collider</Filter>
    </ClInclude>
    <ClInclude Include="..\Public\Component.h">
      <Filter>01.Utility\03.Component</Filter>
    </ClInclude>
    <ClInclude Include="..\Public\Component_Manager.h">
      <Filter>01.Utility\03.Component\00.Manager</Filter>
    </ClInclude>
    <ClInclude Include="..\Public\Navigation.h">
      <Filter>01.Utility\03.Component\06.Navigation</Filter>
    </ClInclude>
    <ClInclude Include="..\Public\Cell.h">
      <Filter>01.Utility\03.Component\06.Navigation\Cell</Filter>
    </ClInclude>
    <ClInclude Include="..\Public\Shader.h">
      <Filter>01.Utility\03.Component\04.Shader</Filter>
    </ClInclude>
    <ClInclude Include="..\Public\Texture.h">
      <Filter>01.Utility\03.Component\03.Texture</Filter>
    </ClInclude>
    <ClInclude Include="..\Public\Transform.h">
      <Filter>01.Utility\03.Component\02.Transform</Filter>
    </ClInclude>
    <ClInclude Include="..\Public\VIBuffer.h">
      <Filter>01.Utility\03.Component\01.VIBuffer</Filter>
    </ClInclude>
    <ClInclude Include="..\Public\VIBuffer_Cell.h">
      <Filter>01.Utility\03.Component\01.VIBuffer\Cell</Filter>
    </ClInclude>
    <ClInclude Include="..\Public\VIBuffer_Instance.h">
      <Filter>01.Utility\03.Component\01.VIBuffer\Instance</Filter>
    </ClInclude>
    <ClInclude Include="..\Public\VIBuffer_Instance_Point.h">
      <Filter>01.Utility\03.Component\01.VIBuffer\Instance\Point</Filter>
    </ClInclude>
    <ClInclude Include="..\Public\VIBuffer_Instance_Rect.h">
      <Filter>01.Utility\03.Component\01.VIBuffer\Instance\Rect</Filter>
    </ClInclude>
    <ClInclude Include="..\Public\VIBuffer_Rect.h">
      <Filter>01.Utility\03.Component\01.VIBuffer\Rect</Filter>
    </ClInclude>
    <ClInclude Include="..\Public\VIBuffer_Terrain.h">
      <Filter>01.Utility\03.Component\01.VIBuffer\Terrain</Filter>
    </ClInclude>
    <ClInclude Include="..\Public\VIBuffer_Trail.h">
      <Filter>01.Utility\03.Component\01.VIBuffer\Trail</Filter>
    </ClInclude>
    <ClInclude Include="..\Public\PipeLine.h">
      <Filter>01.Utility\04.PipeLine</Filter>
    </ClInclude>
    <ClInclude Include="..\Public\RenderTarget.h">
      <Filter>01.Utility\06.RenderTarget</Filter>
    </ClInclude>
    <ClInclude Include="..\Public\RenderTarget_Manager.h">
      <Filter>01.Utility\06.RenderTarget\Manager</Filter>
    </ClInclude>
    <ClInclude Include="..\Public\CustomFont.h">
      <Filter>01.Utility\05.Font</Filter>
    </ClInclude>
    <ClInclude Include="..\Public\Font_Manager.h">
      <Filter>01.Utility\05.Font\Manager</Filter>
    </ClInclude>
    <ClInclude Include="..\Public\Light.h">
      <Filter>01.Utility\07.Lights</Filter>
    </ClInclude>
    <ClInclude Include="..\Public\Light_Manager.h">
      <Filter>01.Utility\07.Lights\Manager</Filter>
    </ClInclude>
    <ClInclude Include="..\Public\Frustum.h">
      <Filter>01.Utility\08.Furstum</Filter>
    </ClInclude>
    <ClInclude Include="..\Public\Picking.h">
      <Filter>01.Utility\97.Picking</Filter>
    </ClInclude>
    <ClInclude Include="..\Public\Renderer.h">
      <Filter>01.Utility\98.Renderer</Filter>
    </ClInclude>
    <ClInclude Include="..\Public\Timer_Manager.h">
      <Filter>00.System\01.Timer\Manager</Filter>
    </ClInclude>
    <ClInclude Include="..\public\Convert_Manager.h">
      <Filter>01.Utility\09.Convert</Filter>
    </ClInclude>
    <ClInclude Include="..\Public\Model.h">
      <Filter>01.Utility\03.Component\05.Model</Filter>
    </ClInclude>
    <ClInclude Include="..\Public\Mesh.h">
      <Filter>01.Utility\03.Component\05.Model\Mesh</Filter>
    </ClInclude>
    <ClInclude Include="..\Public\Bone.h">
      <Filter>01.Utility\03.Component\05.Model\Bone</Filter>
    </ClInclude>
    <ClInclude Include="..\Public\Channel.h">
      <Filter>01.Utility\03.Component\05.Model\Animation\Channel</Filter>
    </ClInclude>
    <ClInclude Include="..\Public\Animation.h">
      <Filter>01.Utility\03.Component\05.Model\Animation</Filter>
    </ClInclude>
    <ClInclude Include="..\Public\VIBuffer_Terrain_Flat.h">
      <Filter>01.Utility\03.Component\01.VIBuffer\Terrain\Terrain_Flat</Filter>
    </ClInclude>
    <ClInclude Include="..\Public\RandomManager.h">
      <Filter>01.Utility\10.Random</Filter>
    </ClInclude>
    <ClInclude Include="..\Public\VIBuffer_Cube.h">
      <Filter>01.Utility\03.Component\01.VIBuffer\Cube</Filter>
    </ClInclude>
    <ClInclude Include="..\Public\ComputeShader.h">
      <Filter>01.Utility\03.Component\08.ComputeShader</Filter>
    </ClInclude>
    <ClInclude Include="..\public\Anim.h">
      <Filter>01.Utility\03.Component\09.Animation</Filter>
    </ClInclude>
    <ClInclude Include="..\Public\BTNode.h">
      <Filter>01.Utility\11.BTNode</Filter>
    </ClInclude>
    <ClInclude Include="..\public\BTNode_Manager.h">
      <Filter>01.Utility\11.BTNode\Manager</Filter>
    </ClInclude>
    <ClInclude Include="..\public\AStart.h">
      <Filter>01.Utility\03.Component\10.AStart</Filter>
    </ClInclude>
  </ItemGroup>
  <ItemGroup>
    <ClCompile Include="..\private\Base.cpp">
      <Filter>01.Utility\99.SuperClass</Filter>
    </ClCompile>
    <ClCompile Include="..\Public\Engine_Struct.cpp">
      <Filter>99.Header</Filter>
    </ClCompile>
    <ClCompile Include="..\Private\Timer.cpp">
      <Filter>00.System\01.Timer</Filter>
    </ClCompile>
    <ClCompile Include="..\Private\Graphic_Device.cpp">
      <Filter>00.System\00.Device\GraphicDevice</Filter>
    </ClCompile>
    <ClCompile Include="..\Private\Input_Device.cpp">
      <Filter>00.System\00.Device\Input</Filter>
    </ClCompile>
    <ClCompile Include="..\Private\SoundMgr.cpp">
      <Filter>00.System\00.Device\Sound</Filter>
    </ClCompile>
    <ClCompile Include="..\Private\GameInstance.cpp">
      <Filter>01.Utility\00.GameInstance</Filter>
    </ClCompile>
    <ClCompile Include="..\Private\GameObject.cpp">
      <Filter>01.Utility\03.Component\02.GameObject</Filter>
    </ClCompile>
    <ClCompile Include="..\Private\GameObject_Manager.cpp">
      <Filter>01.Utility\03.Component\02.GameObject\Manager</Filter>
    </ClCompile>
    <ClCompile Include="..\Private\Layer.cpp">
      <Filter>01.Utility\03.Component\02.GameObject\Manager\Layer</Filter>
    </ClCompile>
    <ClCompile Include="..\Private\Level.cpp">
      <Filter>01.Utility\01.Level</Filter>
    </ClCompile>
    <ClCompile Include="..\Private\Level_Manager.cpp">
      <Filter>01.Utility\01.Level\Manager</Filter>
    </ClCompile>
    <ClCompile Include="..\Private\Camera.cpp">
      <Filter>01.Utility\03.Component\02.GameObject\Camera</Filter>
    </ClCompile>
    <ClCompile Include="..\Private\BlendObject.cpp">
      <Filter>01.Utility\03.Component\02.GameObject\BlendObject</Filter>
    </ClCompile>
    <ClCompile Include="..\Private\DebugDraw.cpp">
      <Filter>01.Utility\03.Component\07.Collider\DebugDraw</Filter>
    </ClCompile>
    <ClCompile Include="..\Private\Bounding.cpp">
      <Filter>01.Utility\03.Component\07.Collider\Bounding</Filter>
    </ClCompile>
    <ClCompile Include="..\Private\Bounding_AABB.cpp">
      <Filter>01.Utility\03.Component\07.Collider\Bounding\AABB</Filter>
    </ClCompile>
    <ClCompile Include="..\Private\Bounding_OBB.cpp">
      <Filter>01.Utility\03.Component\07.Collider\Bounding\OBB</Filter>
    </ClCompile>
    <ClCompile Include="..\Private\Bounding_Sphere.cpp">
      <Filter>01.Utility\03.Component\07.Collider\Bounding\Sphere</Filter>
    </ClCompile>
    <ClCompile Include="..\Private\Collider.cpp">
      <Filter>01.Utility\03.Component\07.Collider</Filter>
    </ClCompile>
    <ClCompile Include="..\Private\Component.cpp">
      <Filter>01.Utility\03.Component</Filter>
    </ClCompile>
    <ClCompile Include="..\Private\Component_Manager.cpp">
      <Filter>01.Utility\03.Component\00.Manager</Filter>
    </ClCompile>
    <ClCompile Include="..\Private\Cell.cpp">
      <Filter>01.Utility\03.Component\06.Navigation\Cell</Filter>
    </ClCompile>
    <ClCompile Include="..\Private\Shader.cpp">
      <Filter>01.Utility\03.Component\04.Shader</Filter>
    </ClCompile>
    <ClCompile Include="..\Private\Texture.cpp">
      <Filter>01.Utility\03.Component\03.Texture</Filter>
    </ClCompile>
    <ClCompile Include="..\Private\Transform.cpp">
      <Filter>01.Utility\03.Component\02.Transform</Filter>
    </ClCompile>
    <ClCompile Include="..\Private\VIBuffer.cpp">
      <Filter>01.Utility\03.Component\01.VIBuffer</Filter>
    </ClCompile>
    <ClCompile Include="..\Private\VIBuffer_Cell.cpp">
      <Filter>01.Utility\03.Component\01.VIBuffer\Cell</Filter>
    </ClCompile>
    <ClCompile Include="..\Private\VIBuffer_Instance.cpp">
      <Filter>01.Utility\03.Component\01.VIBuffer\Instance</Filter>
    </ClCompile>
    <ClCompile Include="..\Private\VIBuffer_Instance_Point.cpp">
      <Filter>01.Utility\03.Component\01.VIBuffer\Instance\Point</Filter>
    </ClCompile>
    <ClCompile Include="..\Private\VIBuffer_Instance_Rect.cpp">
      <Filter>01.Utility\03.Component\01.VIBuffer\Instance\Rect</Filter>
    </ClCompile>
    <ClCompile Include="..\Private\VIBuffer_Rect.cpp">
      <Filter>01.Utility\03.Component\01.VIBuffer\Rect</Filter>
    </ClCompile>
    <ClCompile Include="..\Private\VIBuffer_Terrain.cpp">
      <Filter>01.Utility\03.Component\01.VIBuffer\Terrain</Filter>
    </ClCompile>
    <ClCompile Include="..\Private\VIBuffer_Trail.cpp">
      <Filter>01.Utility\03.Component\01.VIBuffer\Trail</Filter>
    </ClCompile>
    <ClCompile Include="..\Private\PipeLine.cpp">
      <Filter>01.Utility\04.PipeLine</Filter>
    </ClCompile>
    <ClCompile Include="..\Private\RenderTarget.cpp">
      <Filter>01.Utility\06.RenderTarget</Filter>
    </ClCompile>
    <ClCompile Include="..\Private\RenderTarget_Manager.cpp">
      <Filter>01.Utility\06.RenderTarget\Manager</Filter>
    </ClCompile>
    <ClCompile Include="..\Private\CustomFont.cpp">
      <Filter>01.Utility\05.Font</Filter>
    </ClCompile>
    <ClCompile Include="..\Private\Font_Manager.cpp">
      <Filter>01.Utility\05.Font\Manager</Filter>
    </ClCompile>
    <ClCompile Include="..\Private\Light.cpp">
      <Filter>01.Utility\07.Lights</Filter>
    </ClCompile>
    <ClCompile Include="..\Private\Light_Manager.cpp">
      <Filter>01.Utility\07.Lights\Manager</Filter>
    </ClCompile>
    <ClCompile Include="..\Private\Frustum.cpp">
      <Filter>01.Utility\08.Furstum</Filter>
    </ClCompile>
    <ClCompile Include="..\Private\Picking.cpp">
      <Filter>01.Utility\97.Picking</Filter>
    </ClCompile>
    <ClCompile Include="..\Private\Renderer.cpp">
      <Filter>01.Utility\98.Renderer</Filter>
    </ClCompile>
    <ClCompile Include="..\Private\Timer_Manager.cpp">
      <Filter>00.System\01.Timer\Manager</Filter>
    </ClCompile>
    <ClCompile Include="..\private\Convert_Manager.cpp">
      <Filter>01.Utility\09.Convert</Filter>
    </ClCompile>
    <ClCompile Include="..\Private\Model.cpp">
      <Filter>01.Utility\03.Component\05.Model</Filter>
    </ClCompile>
    <ClCompile Include="..\Private\Mesh.cpp">
      <Filter>01.Utility\03.Component\05.Model\Mesh</Filter>
    </ClCompile>
    <ClCompile Include="..\Private\Bone.cpp">
      <Filter>01.Utility\03.Component\05.Model\Bone</Filter>
    </ClCompile>
    <ClCompile Include="..\Private\Channel.cpp">
      <Filter>01.Utility\03.Component\05.Model\Animation\Channel</Filter>
    </ClCompile>
    <ClCompile Include="..\Private\Animation.cpp">
      <Filter>01.Utility\03.Component\05.Model\Animation</Filter>
    </ClCompile>
    <ClCompile Include="..\Private\VIBuffer_Terrain_Flat.cpp">
      <Filter>01.Utility\03.Component\01.VIBuffer\Terrain\Terrain_Flat</Filter>
    </ClCompile>
    <ClCompile Include="..\Private\RandomManager.cpp">
      <Filter>01.Utility\10.Random</Filter>
    </ClCompile>
    <ClCompile Include="..\Private\VIBuffer_Cube.cpp">
      <Filter>01.Utility\03.Component\01.VIBuffer\Cube</Filter>
    </ClCompile>
    <ClCompile Include="..\Private\ComputeShader.cpp">
      <Filter>01.Utility\03.Component\08.ComputeShader</Filter>
    </ClCompile>
    <ClCompile Include="..\private\Anim.cpp">
      <Filter>01.Utility\03.Component\09.Animation</Filter>
    </ClCompile>
    <ClCompile Include="..\Private\BTNode.cpp">
      <Filter>01.Utility\11.BTNode</Filter>
    </ClCompile>
    <ClCompile Include="..\private\BTNode_Manager.cpp">
      <Filter>01.Utility\11.BTNode\Manager</Filter>
    </ClCompile>
    <ClCompile Include="..\Private\Navigation.cpp">
      <Filter>01.Utility\03.Component\06.Navigation</Filter>
    </ClCompile>
    <ClCompile Include="..\private\AStart.cpp">
      <Filter>01.Utility\03.Component\10.AStart</Filter>
    </ClCompile>
  </ItemGroup>
  <ItemGroup>
    <FxCompile Include="..\Bin\ShaderFiles\Shader_Cell.hlsl">
      <Filter>98.Shader</Filter>
    </FxCompile>
    <FxCompile Include="..\Bin\ShaderFiles\Shader_Deferred.hlsl">
      <Filter>98.Shader</Filter>
    </FxCompile>
    <FxCompile Include="..\Bin\ShaderFiles\Shader_Compute.hlsl">
      <Filter>98.Shader</Filter>
    </FxCompile>
    <FxCompile Include="..\Bin\ShaderFiles\Shader_PBR.hlsl">
      <Filter>98.Shader</Filter>
    </FxCompile>
    <FxCompile Include="..\Bin\ShaderFiles\Shader_SSAO.hlsl">
      <Filter>98.Shader</Filter>
    </FxCompile>
    <FxCompile Include="..\Bin\ShaderFiles\Shader_HDR.hlsl">
      <Filter>98.Shader</Filter>
    </FxCompile>
    <FxCompile Include="..\Bin\ShaderFiles\Shader_Effect.hlsl">
      <Filter>98.Shader</Filter>
    </FxCompile>
  </ItemGroup>
  <ItemGroup>
    <None Include="..\Bin\ShaderFiles\Engine_Shader_Defines.hlsli">
      <Filter>98.Shader</Filter>
    </None>
    <None Include="..\Bin\ShaderFiles\Shader_Deferred_Header.hlsli">
      <Filter>98.Shader</Filter>
    </None>
  </ItemGroup>
</Project>