<?xml version="1.0" encoding="utf-8"?>
<Project ToolsVersion="4.0" xmlns="http://schemas.microsoft.com/developer/msbuild/2003">
  <ItemGroup>
    <ClCompile Include="..\private\MainApp.cpp">
      <Filter>00.MainApp</Filter>
    </ClCompile>
    <ClCompile Include="Client.cpp">
      <Filter>98.Default</Filter>
    </ClCompile>
    <ClCompile Include="..\private\Level_Loading.cpp">
      <Filter>01.Levels\99.Loading</Filter>
    </ClCompile>
    <ClCompile Include="..\private\Loader.cpp">
      <Filter>01.Levels\99.Loading\Loader</Filter>
    </ClCompile>
    <ClCompile Include="..\private\Level_Logo.cpp">
      <Filter>01.Levels\00.Logo</Filter>
    </ClCompile>
    <ClCompile Include="..\private\Background.cpp">
      <Filter>02.GameObjects\00.Background</Filter>
    </ClCompile>
    <ClCompile Include="..\Private\Terrain.cpp">
      <Filter>02.GameObjects\01.Terrain</Filter>
    </ClCompile>
    <ClCompile Include="..\private\Level_Test.cpp">
      <Filter>01.Levels\98.Test</Filter>
    </ClCompile>
    <ClCompile Include="..\private\Player.cpp">
      <Filter>02.GameObjects\02.Character\LandObject\00.Player</Filter>
    </ClCompile>
    <ClCompile Include="..\private\LandObject.cpp">
      <Filter>02.GameObjects\02.Character\LandObject</Filter>
    </ClCompile>
    <ClCompile Include="..\private\PlayerCamera.cpp">
      <Filter>02.GameObjects\99.Camera\00.PlayerCamera</Filter>
    </ClCompile>
    <ClCompile Include="..\private\DebugCamera.cpp">
      <Filter>02.GameObjects\99.Camera\99.DebugCamera</Filter>
    </ClCompile>
    <ClCompile Include="..\private\SystemManager.cpp">
      <Filter>95.Utility\00.System</Filter>
    </ClCompile>
    <ClCompile Include="..\private\DebugManager.cpp">
      <Filter>95.Utility\01.DebugTool</Filter>
    </ClCompile>
    <ClCompile Include="..\..\Imgui\background\imgui_impl_dx11.cpp">
      <Filter>96.ImGui</Filter>
    </ClCompile>
    <ClCompile Include="..\..\Imgui\background\imgui_impl_win32.cpp">
      <Filter>96.ImGui</Filter>
    </ClCompile>
    <ClCompile Include="..\..\Imgui\imgui\imgui.cpp">
      <Filter>96.ImGui</Filter>
    </ClCompile>
    <ClCompile Include="..\..\Imgui\imgui\imgui_demo.cpp">
      <Filter>96.ImGui</Filter>
    </ClCompile>
    <ClCompile Include="..\..\Imgui\imgui\imgui_draw.cpp">
      <Filter>96.ImGui</Filter>
    </ClCompile>
    <ClCompile Include="..\..\Imgui\imgui\imgui_tables.cpp">
      <Filter>96.ImGui</Filter>
    </ClCompile>
    <ClCompile Include="..\..\Imgui\imgui\imgui_widgets.cpp">
      <Filter>96.ImGui</Filter>
    </ClCompile>
    <ClCompile Include="..\..\Imgui\ImGuiFileDialog\ImGuiFileDialog.cpp">
      <Filter>96.ImGui</Filter>
    </ClCompile>
    <ClCompile Include="..\..\Imgui\imGuizmo\GraphEditor.cpp">
      <Filter>96.ImGui</Filter>
    </ClCompile>
    <ClCompile Include="..\..\Imgui\imGuizmo\ImCurveEdit.cpp">
      <Filter>96.ImGui</Filter>
    </ClCompile>
    <ClCompile Include="..\..\Imgui\imGuizmo\ImGradient.cpp">
      <Filter>96.ImGui</Filter>
    </ClCompile>
    <ClCompile Include="..\..\Imgui\imGuizmo\ImGuizmo.cpp">
      <Filter>96.ImGui</Filter>
    </ClCompile>
    <ClCompile Include="..\..\Imgui\imGuizmo\ImSequencer.cpp">
      <Filter>96.ImGui</Filter>
    </ClCompile>
    <ClCompile Include="..\Private\Construction.cpp">
      <Filter>02.GameObjects\03.Construction</Filter>
    </ClCompile>
    <ClCompile Include="..\Private\CineCamera.cpp">
      <Filter>02.GameObjects\99.Camera\01.CineCamera</Filter>
    </ClCompile>
    <ClCompile Include="..\Private\FileTotalMgr.cpp">
      <Filter>95.Utility\02.FileTotalMgr</Filter>
    </ClCompile>
    <ClCompile Include="..\Private\Sky.cpp">
      <Filter>02.GameObjects\04.Sky</Filter>
    </ClCompile>
    <ClCompile Include="..\Private\CharacterData.cpp">
      <Filter>02.GameObjects\02.Character\CharacterData</Filter>
    </ClCompile>
    <ClCompile Include="..\Private\Decal.cpp">
      <Filter>02.GameObjects\05.Decal</Filter>
    </ClCompile>
    <ClCompile Include="..\Private\PartObject.cpp">
      <Filter>02.GameObjects\02.Character\PartObject</Filter>
    </ClCompile>
    <ClCompile Include="..\Private\SocketObject.cpp">
      <Filter>02.GameObjects\02.Character\PartObject\SocketObject</Filter>
    </ClCompile>
    <ClCompile Include="..\Private\SocketCollider.cpp">
      <Filter>02.GameObjects\02.Character\PartObject\SocketObject\SocketCollider</Filter>
    </ClCompile>
    <ClCompile Include="..\Private\Effect.cpp">
      <Filter>02.GameObjects\06.Effect</Filter>
    </ClCompile>
    <ClCompile Include="..\Private\Particle_Point.cpp">
      <Filter>02.GameObjects\06.Effect\Point</Filter>
    </ClCompile>
    <ClCompile Include="..\Private\TRailEffect.cpp">
      <Filter>02.GameObjects\06.Effect\Trail</Filter>
    </ClCompile>
    <ClCompile Include="..\Private\Sequance.cpp">
      <Filter>95.Utility\03.BehaviorTree\SquanceNode</Filter>
    </ClCompile>
    <ClCompile Include="..\Private\Selector.cpp">
      <Filter>95.Utility\03.BehaviorTree\SelectorNode</Filter>
    </ClCompile>
    <ClCompile Include="..\Private\LeafNode.cpp">
      <Filter>95.Utility\03.BehaviorTree\LeafNode</Filter>
    </ClCompile>
    <ClCompile Include="..\Private\BehaviorAnimation.cpp">
      <Filter>02.GameObjects\02.Character\LandObject\00.Player\AnimationBehavior</Filter>
    </ClCompile>
    <ClCompile Include="..\Private\Kiryu_Adventure_Idle.cpp">
      <Filter>02.GameObjects\02.Character\LandObject\00.Player\AnimationBehavior\Adventure\Idle</Filter>
    </ClCompile>
    <ClCompile Include="..\Private\Kiryu_Adventure_Run.cpp">
      <Filter>02.GameObjects\02.Character\LandObject\00.Player\AnimationBehavior\Adventure\Run</Filter>
    </ClCompile>
    <ClCompile Include="..\Private\Aura.cpp">
      <Filter>02.GameObjects\06.Effect\Aura</Filter>
    </ClCompile>
    <ClCompile Include="..\Private\Kiryu_Adventure_Walk.cpp">
      <Filter>02.GameObjects\02.Character\LandObject\00.Player\AnimationBehavior\Adventure\Walk</Filter>
    </ClCompile>
    <ClCompile Include="..\private\Monster.cpp">
      <Filter>02.GameObjects\02.Character\LandObject\01.Monster</Filter>
    </ClCompile>
    <ClCompile Include="..\private\RushYakuza.cpp">
      <Filter>02.GameObjects\02.Character\LandObject\01.Monster\Yakuza\00.RushYakuza</Filter>
    </ClCompile>
    <ClCompile Include="..\private\AI_RushYakuza.cpp">
      <Filter>02.GameObjects\02.Character\LandObject\01.Monster\Yakuza\00.RushYakuza\AI</Filter>
    </ClCompile>
    <ClCompile Include="..\Private\MapCollider.cpp">
      <Filter>02.GameObjects\08. MapCollider</Filter>
    </ClCompile>
    <ClCompile Include="..\Private\Kiryu_KRS_Attack.cpp">
      <Filter>02.GameObjects\02.Character\LandObject\00.Player\AnimationBehavior\KRS\Attack</Filter>
    </ClCompile>
    <ClCompile Include="..\Private\Kiryu_KRS_Hit.cpp">
      <Filter>02.GameObjects\02.Character\LandObject\00.Player\AnimationBehavior\KRS\Hit</Filter>
    </ClCompile>
    <ClCompile Include="..\Private\Kiryu_KRS_BattleStart.cpp">
      <Filter>02.GameObjects\02.Character\LandObject\00.Player\AnimationBehavior\KRS\BattleStart</Filter>
    </ClCompile>
    <ClCompile Include="..\Private\Kiryu_KRS_Idle.cpp">
      <Filter>02.GameObjects\02.Character\LandObject\00.Player\AnimationBehavior\KRS\Idle</Filter>
    </ClCompile>
    <ClCompile Include="..\Private\Kiryu_KRS_Run.cpp">
      <Filter>02.GameObjects\02.Character\LandObject\00.Player\AnimationBehavior\KRS\Run</Filter>
    </ClCompile>
    <ClCompile Include="..\Private\Kiryu_KRS_Sway.cpp">
      <Filter>02.GameObjects\02.Character\LandObject\00.Player\AnimationBehavior\KRS\Sway</Filter>
    </ClCompile>
    <ClCompile Include="..\Private\Kiryu_KRS_Walk.cpp">
      <Filter>02.GameObjects\02.Character\LandObject\00.Player\AnimationBehavior\KRS\Walk</Filter>
    </ClCompile>
    <ClCompile Include="..\Private\SocketEffect.cpp">
      <Filter>02.GameObjects\02.Character\PartObject\SocketObject\SocketEffect</Filter>
    </ClCompile>
    <ClCompile Include="..\private\AI_Monster.cpp">
      <Filter>02.GameObjects\02.Character\LandObject\01.Monster\AI</Filter>
    </ClCompile>
    <ClCompile Include="..\private\WPAYakuza.cpp">
      <Filter>02.GameObjects\02.Character\LandObject\01.Monster\Yakuza\01.WPAYakuza</Filter>
    </ClCompile>
    <ClCompile Include="..\private\AI_WPAYakuza.cpp">
      <Filter>02.GameObjects\02.Character\LandObject\01.Monster\Yakuza\01.WPAYakuza\AI</Filter>
    </ClCompile>
    <ClCompile Include="..\private\Level_Office1F.cpp">
      <Filter>01.Levels\01.Office1F</Filter>
    </ClCompile>
    <ClCompile Include="..\private\Level_Office2F.cpp">
      <Filter>01.Levels\02.Office2F</Filter>
    </ClCompile>
    <ClCompile Include="..\Private\Collision_Manager.cpp">
      <Filter>95.Utility\04.CollisionManager</Filter>
    </ClCompile>
    <ClCompile Include="..\private\Shakedown.cpp">
      <Filter>02.GameObjects\02.Character\LandObject\01.Monster\Shakedown</Filter>
    </ClCompile>
    <ClCompile Include="..\private\AI_Shakedown.cpp">
      <Filter>02.GameObjects\02.Character\LandObject\01.Monster\Shakedown\AI</Filter>
    </ClCompile>
    <ClCompile Include="..\private\Kuze.cpp">
      <Filter>02.GameObjects\02.Character\LandObject\01.Monster\Kuze</Filter>
    </ClCompile>
    <ClCompile Include="..\Private\SkyDome.cpp">
      <Filter>02.GameObjects\04.Sky\Dome</Filter>
    </ClCompile>
    <ClCompile Include="..\Private\AI_Kuze.cpp">
      <Filter>02.GameObjects\02.Character\LandObject\01.Monster\Kuze\AI</Filter>
    </ClCompile>
    <ClCompile Include="..\private\Yoneda.cpp">
      <Filter>02.GameObjects\02.Character\LandObject\01.Monster\Yoneda</Filter>
    </ClCompile>
    <ClCompile Include="..\private\AI_Yoneda.cpp">
      <Filter>02.GameObjects\02.Character\LandObject\01.Monster\Yoneda\AI</Filter>
    </ClCompile>
    <ClCompile Include="..\Private\MapColliderObj.cpp" />
    <ClCompile Include="..\Private\UIManager.cpp">
      <Filter>95.Utility\05.UIManager</Filter>
    </ClCompile>
    <ClCompile Include="..\Private\UIScene.cpp">
      <Filter>95.Utility\05.UIManager\UIScene</Filter>
    </ClCompile>
    <ClCompile Include="..\Private\UI_Object.cpp">
      <Filter>95.Utility\05.UIManager\UIScene\UIObject</Filter>
    </ClCompile>
    <ClCompile Include="..\Private\Btn.cpp">
      <Filter>95.Utility\05.UIManager\UIScene\UIObject\UITexture\Btn</Filter>
    </ClCompile>
    <ClCompile Include="..\Private\Image_Texture.cpp">
      <Filter>95.Utility\05.UIManager\UIScene\UIObject\UITexture\Image_Texture</Filter>
    </ClCompile>
    <ClCompile Include="..\Private\Group.cpp">
      <Filter>95.Utility\05.UIManager\UIScene\UIObject\Group</Filter>
    </ClCompile>
    <ClCompile Include="..\Private\Text.cpp">
      <Filter>95.Utility\05.UIManager\UIScene\UIObject\UITexture\Text</Filter>
    </ClCompile>
    <ClCompile Include="..\Private\UI_Effect.cpp">
      <Filter>95.Utility\05.UIManager\UIScene\UIObject\UITexture\UI_Effect</Filter>
    </ClCompile>
    <ClCompile Include="..\Private\UIInven.cpp">
      <Filter>95.Utility\05.UIManager\UIScene\UIInven</Filter>
    </ClCompile>
    <ClCompile Include="..\Private\UILife.cpp">
      <Filter>95.Utility\05.UIManager\UIScene\UILife</Filter>
    </ClCompile>
    <ClCompile Include="..\Private\UIMenu.cpp">
      <Filter>95.Utility\05.UIManager\UIScene\UIMenu</Filter>
    </ClCompile>
    <ClCompile Include="..\Private\UIMoney.cpp">
      <Filter>95.Utility\05.UIManager\UIScene\UIMoney</Filter>
    </ClCompile>
    <ClCompile Include="..\Private\InventoryManager.cpp">
      <Filter>95.Utility\05.UIManager\InventoryManager</Filter>
    </ClCompile>
    <ClCompile Include="..\Private\ItemData.cpp">
      <Filter>95.Utility\05.UIManager\InventoryManager\ItemData</Filter>
    </ClCompile>
    <ClCompile Include="..\Private\UI_Texture.cpp">
      <Filter>95.Utility\05.UIManager\UIScene\UIObject\UITexture</Filter>
    </ClCompile>
    <ClCompile Include="..\Private\MapColliderObj.cpp">
      <Filter>02.GameObjects\08. MapCollider\Obj</Filter>
    </ClCompile>
    <ClCompile Include="..\Private\LightConstruction.cpp">
      <Filter>02.GameObjects\03.Construction\LightConstruction</Filter>
    </ClCompile>
    <ClCompile Include="..\Private\Kiryu_KRS_KickCombo.cpp">
      <Filter>02.GameObjects\02.Character\LandObject\00.Player\AnimationBehavior\KRS\KickCombo</Filter>
    </ClCompile>
    <ClCompile Include="..\Private\Kiryu_KRH_Attack.cpp">
      <Filter>02.GameObjects\02.Character\LandObject\00.Player\AnimationBehavior\KRH\Attack</Filter>
    </ClCompile>
    <ClCompile Include="..\Private\Kiryu_KRH_BattleStart.cpp">
      <Filter>02.GameObjects\02.Character\LandObject\00.Player\AnimationBehavior\KRH\BattleStart</Filter>
    </ClCompile>
    <ClCompile Include="..\Private\Kiryu_KRH_Hit.cpp">
      <Filter>02.GameObjects\02.Character\LandObject\00.Player\AnimationBehavior\KRH\Hit</Filter>
    </ClCompile>
    <ClCompile Include="..\Private\Kiryu_KRH_Idle.cpp">
      <Filter>02.GameObjects\02.Character\LandObject\00.Player\AnimationBehavior\KRH\Idle</Filter>
    </ClCompile>
    <ClCompile Include="..\Private\Kiryu_KRH_Run.cpp">
      <Filter>02.GameObjects\02.Character\LandObject\00.Player\AnimationBehavior\KRH\Run</Filter>
    </ClCompile>
    <ClCompile Include="..\Private\Kiryu_KRH_Sway.cpp">
      <Filter>02.GameObjects\02.Character\LandObject\00.Player\AnimationBehavior\KRH\Sway</Filter>
    </ClCompile>
    <ClCompile Include="..\Private\Kiryu_KRH_Walk.cpp">
      <Filter>02.GameObjects\02.Character\LandObject\00.Player\AnimationBehavior\KRH\Walk</Filter>
    </ClCompile>
    <ClCompile Include="..\Private\Kiryu_KRC_Attack.cpp">
      <Filter>02.GameObjects\02.Character\LandObject\00.Player\AnimationBehavior\KRC\Attack</Filter>
    </ClCompile>
    <ClCompile Include="..\Private\Kiryu_KRC_BattleStart.cpp">
      <Filter>02.GameObjects\02.Character\LandObject\00.Player\AnimationBehavior\KRC\BattleStart</Filter>
    </ClCompile>
    <ClCompile Include="..\Private\Kiryu_KRC_Hit.cpp">
      <Filter>02.GameObjects\02.Character\LandObject\00.Player\AnimationBehavior\KRC\Hit</Filter>
    </ClCompile>
    <ClCompile Include="..\Private\Kiryu_KRC_Idle.cpp">
      <Filter>02.GameObjects\02.Character\LandObject\00.Player\AnimationBehavior\KRC\Idle</Filter>
    </ClCompile>
    <ClCompile Include="..\Private\Kiryu_KRC_Run.cpp">
      <Filter>02.GameObjects\02.Character\LandObject\00.Player\AnimationBehavior\KRC\Run</Filter>
    </ClCompile>
    <ClCompile Include="..\Private\Kiryu_KRC_Sway.cpp">
      <Filter>02.GameObjects\02.Character\LandObject\00.Player\AnimationBehavior\KRC\Sway</Filter>
    </ClCompile>
    <ClCompile Include="..\Private\Kiryu_KRC_Walk.cpp">
      <Filter>02.GameObjects\02.Character\LandObject\00.Player\AnimationBehavior\KRC\Walk</Filter>
    </ClCompile>
    <ClCompile Include="..\private\Level_OfficeBoss.cpp">
      <Filter>01.Levels\03.OfficeBoss</Filter>
    </ClCompile>
    <ClCompile Include="..\Private\Level_Dogimazo.cpp">
      <Filter>01.Levels\04.Dogimazo</Filter>
    </ClCompile>
    <ClCompile Include="..\Private\Level_DogimazoBoss.cpp">
      <Filter>01.Levels\06.DogimazoBoss</Filter>
    </ClCompile>
    <ClCompile Include="..\Private\Level_DogimazoStairs.cpp">
      <Filter>01.Levels\05.DogimazoStairs</Filter>
    </ClCompile>
    <ClCompile Include="..\Private\Kiryu_KRS_FlyKick.cpp">
      <Filter>02.GameObjects\02.Character\LandObject\00.Player\AnimationBehavior\KRS\Kick</Filter>
    </ClCompile>
    <ClCompile Include="..\private\Yoneda.cpp">
      <Filter>02.GameObjects\02.Character\LandObject\01.Monster\Yoneda</Filter>
    </ClCompile>
    <ClCompile Include="..\private\AI_Yoneda.cpp">
      <Filter>02.GameObjects\02.Character\LandObject\01.Monster\Yoneda\AI</Filter>
    </ClCompile>
    <ClCompile Include="..\Private\AI_Kuze.cpp">
      <Filter>02.GameObjects\02.Character\LandObject\01.Monster\Kuze\AI</Filter>
    </ClCompile>
    <ClCompile Include="..\Public\UILoading.cpp">
      <Filter>95.Utility\05.UIManager\UIScene\UILoading</Filter>
    </ClCompile>
    <ClCompile Include="..\Private\UINowLoading.cpp">
      <Filter>95.Utility\05.UIManager\UIScene\UINowLoading</Filter>
	</ClCompile>
    <ClCompile Include="..\Private\Kiryu_KRS_Down.cpp">
      <Filter>02.GameObjects\02.Character\LandObject\00.Player\AnimationBehavior\KRS\Down</Filter>
    </ClCompile>
    <ClCompile Include="..\Private\Kiryu_KRC_Down.cpp">
      <Filter>02.GameObjects\02.Character\LandObject\00.Player\AnimationBehavior\KRC\Down</Filter>
    </ClCompile>
    <ClCompile Include="..\Private\Kiryu_KRH_Down.cpp">
      <Filter>02.GameObjects\02.Character\LandObject\00.Player\AnimationBehavior\KRH\Down</Filter>
    </ClCompile>
  </ItemGroup>
  <ItemGroup>
    <ClInclude Include="..\public\MainApp.h">
      <Filter>00.MainApp</Filter>
    </ClInclude>
    <ClInclude Include="..\Public\Client_Defines.h">
      <Filter>99.Header</Filter>
    </ClInclude>
    <ClInclude Include="Client.h">
      <Filter>98.Default</Filter>
    </ClInclude>
    <ClInclude Include="framework.h">
      <Filter>98.Default</Filter>
    </ClInclude>
    <ClInclude Include="Resource.h">
      <Filter>98.Default</Filter>
    </ClInclude>
    <ClInclude Include="targetver.h">
      <Filter>98.Default</Filter>
    </ClInclude>
    <ClInclude Include="..\public\Level_Loading.h">
      <Filter>01.Levels\99.Loading</Filter>
    </ClInclude>
    <ClInclude Include="..\public\Level_Logo.h">
      <Filter>01.Levels\00.Logo</Filter>
    </ClInclude>
    <ClInclude Include="..\public\Background.h">
      <Filter>02.GameObjects\00.Background</Filter>
    </ClInclude>
    <ClInclude Include="..\Public\Terrain.h">
      <Filter>02.GameObjects\01.Terrain</Filter>
    </ClInclude>
    <ClInclude Include="..\public\Player.h">
      <Filter>02.GameObjects\02.Character\LandObject\00.Player</Filter>
    </ClInclude>
    <ClInclude Include="..\public\LandObject.h">
      <Filter>02.GameObjects\02.Character\LandObject</Filter>
    </ClInclude>
    <ClInclude Include="..\public\PlayerCamera.h">
      <Filter>02.GameObjects\99.Camera\00.PlayerCamera</Filter>
    </ClInclude>
    <ClInclude Include="..\public\DebugCamera.h">
      <Filter>02.GameObjects\99.Camera\99.DebugCamera</Filter>
    </ClInclude>
    <ClInclude Include="..\public\SystemManager.h">
      <Filter>95.Utility\00.System</Filter>
    </ClInclude>
    <ClInclude Include="..\public\DebugManager.h">
      <Filter>95.Utility\01.DebugTool</Filter>
    </ClInclude>
    <ClInclude Include="..\..\Imgui\background\imgui_impl_dx11.h">
      <Filter>96.ImGui</Filter>
    </ClInclude>
    <ClInclude Include="..\..\Imgui\background\imgui_impl_win32.h">
      <Filter>96.ImGui</Filter>
    </ClInclude>
    <ClInclude Include="..\..\Imgui\imgui\imconfig.h">
      <Filter>96.ImGui</Filter>
    </ClInclude>
    <ClInclude Include="..\..\Imgui\imgui\imgui.h">
      <Filter>96.ImGui</Filter>
    </ClInclude>
    <ClInclude Include="..\..\Imgui\imgui\imgui_internal.h">
      <Filter>96.ImGui</Filter>
    </ClInclude>
    <ClInclude Include="..\..\Imgui\imgui\imstb_rectpack.h">
      <Filter>96.ImGui</Filter>
    </ClInclude>
    <ClInclude Include="..\..\Imgui\imgui\imstb_textedit.h">
      <Filter>96.ImGui</Filter>
    </ClInclude>
    <ClInclude Include="..\..\Imgui\imgui\imstb_truetype.h">
      <Filter>96.ImGui</Filter>
    </ClInclude>
    <ClInclude Include="..\..\Imgui\ImGuiFileDialog\dirent\dirent.h">
      <Filter>96.ImGui</Filter>
    </ClInclude>
    <ClInclude Include="..\..\Imgui\ImGuiFileDialog\ImGuiFileDialog.h">
      <Filter>96.ImGui</Filter>
    </ClInclude>
    <ClInclude Include="..\..\Imgui\ImGuiFileDialog\ImGuiFileDialogConfig.h">
      <Filter>96.ImGui</Filter>
    </ClInclude>
    <ClInclude Include="..\..\Imgui\ImGuiFileDialog\stb\stb_image.h">
      <Filter>96.ImGui</Filter>
    </ClInclude>
    <ClInclude Include="..\..\Imgui\ImGuiFileDialog\stb\stb_image_resize2.h">
      <Filter>96.ImGui</Filter>
    </ClInclude>
    <ClInclude Include="..\..\Imgui\imGuizmo\GraphEditor.h">
      <Filter>96.ImGui</Filter>
    </ClInclude>
    <ClInclude Include="..\..\Imgui\imGuizmo\ImCurveEdit.h">
      <Filter>96.ImGui</Filter>
    </ClInclude>
    <ClInclude Include="..\..\Imgui\imGuizmo\ImGradient.h">
      <Filter>96.ImGui</Filter>
    </ClInclude>
    <ClInclude Include="..\..\Imgui\imGuizmo\ImGuizmo.h">
      <Filter>96.ImGui</Filter>
    </ClInclude>
    <ClInclude Include="..\..\Imgui\imGuizmo\ImSequencer.h">
      <Filter>96.ImGui</Filter>
    </ClInclude>
    <ClInclude Include="..\..\Imgui\imGuizmo\ImZoomSlider.h">
      <Filter>96.ImGui</Filter>
    </ClInclude>
    <ClInclude Include="..\Public\Construction.h">
      <Filter>02.GameObjects\03.Construction</Filter>
    </ClInclude>
    <ClInclude Include="..\Public\CineCamera.h">
      <Filter>02.GameObjects\99.Camera\01.CineCamera</Filter>
    </ClInclude>
    <ClInclude Include="..\Public\FileTotalMgr.h">
      <Filter>95.Utility\02.FileTotalMgr</Filter>
    </ClInclude>
    <ClInclude Include="..\Public\Sky.h">
      <Filter>02.GameObjects\04.Sky</Filter>
    </ClInclude>
    <ClInclude Include="..\Public\CharacterData.h">
      <Filter>02.GameObjects\02.Character\CharacterData</Filter>
    </ClInclude>
    <ClInclude Include="..\Public\Decal.h">
      <Filter>02.GameObjects\05.Decal</Filter>
    </ClInclude>
    <ClInclude Include="..\Public\PartObject.h">
      <Filter>02.GameObjects\02.Character\PartObject</Filter>
    </ClInclude>
    <ClInclude Include="..\public\Level_Test.h">
      <Filter>01.Levels\98.Test</Filter>
    </ClInclude>
    <ClInclude Include="..\Public\SocketObject.h">
      <Filter>02.GameObjects\02.Character\PartObject\SocketObject</Filter>
    </ClInclude>
    <ClInclude Include="..\Public\SocketCollider.h">
      <Filter>02.GameObjects\02.Character\PartObject\SocketObject\SocketCollider</Filter>
    </ClInclude>
    <ClInclude Include="..\Public\Effect.h">
      <Filter>02.GameObjects\06.Effect</Filter>
    </ClInclude>
    <ClInclude Include="..\Public\Particle_Point.h">
      <Filter>02.GameObjects\06.Effect\Point</Filter>
    </ClInclude>
    <ClInclude Include="..\Public\TRailEffect.h">
      <Filter>02.GameObjects\06.Effect\Trail</Filter>
    </ClInclude>
    <ClInclude Include="..\Public\Sequance.h">
      <Filter>95.Utility\03.BehaviorTree\SquanceNode</Filter>
    </ClInclude>
    <ClInclude Include="..\Public\Selector.h">
      <Filter>95.Utility\03.BehaviorTree\SelectorNode</Filter>
    </ClInclude>
    <ClInclude Include="..\Public\LeafNode.h">
      <Filter>95.Utility\03.BehaviorTree\LeafNode</Filter>
    </ClInclude>
    <ClInclude Include="..\Public\BehaviorAnimation.h">
      <Filter>02.GameObjects\02.Character\LandObject\00.Player\AnimationBehavior</Filter>
    </ClInclude>
    <ClInclude Include="..\Public\Kiryu_Adventure_Idle.h">
      <Filter>02.GameObjects\02.Character\LandObject\00.Player\AnimationBehavior\Adventure\Idle</Filter>
    </ClInclude>
    <ClInclude Include="..\Public\Kiryu_Adventure_Run.h">
      <Filter>02.GameObjects\02.Character\LandObject\00.Player\AnimationBehavior\Adventure\Run</Filter>
    </ClInclude>
    <ClInclude Include="..\public\Loader.h">
      <Filter>01.Levels\99.Loading\Loader</Filter>
    </ClInclude>
    <ClInclude Include="..\Public\Aura.h">
      <Filter>02.GameObjects\06.Effect\Aura</Filter>
    </ClInclude>
    <ClInclude Include="..\Public\Kiryu_Adventure_Walk.h">
      <Filter>02.GameObjects\02.Character\LandObject\00.Player\AnimationBehavior\Adventure\Walk</Filter>
    </ClInclude>
    <ClInclude Include="..\public\Monster.h">
      <Filter>02.GameObjects\02.Character\LandObject\01.Monster</Filter>
    </ClInclude>
    <ClInclude Include="..\public\RushYakuza.h">
      <Filter>02.GameObjects\02.Character\LandObject\01.Monster\Yakuza\00.RushYakuza</Filter>
    </ClInclude>
    <ClInclude Include="..\public\AI_RushYakuza.h">
      <Filter>02.GameObjects\02.Character\LandObject\01.Monster\Yakuza\00.RushYakuza\AI</Filter>
    </ClInclude>
    <ClInclude Include="..\Public\MapCollider.h">
      <Filter>02.GameObjects\08. MapCollider</Filter>
    </ClInclude>
    <ClInclude Include="..\Public\Kiryu_KRS_Attack.h">
      <Filter>02.GameObjects\02.Character\LandObject\00.Player\AnimationBehavior\KRS\Attack</Filter>
    </ClInclude>
    <ClInclude Include="..\Public\Kiryu_KRS_Hit.h">
      <Filter>02.GameObjects\02.Character\LandObject\00.Player\AnimationBehavior\KRS\Hit</Filter>
    </ClInclude>
    <ClInclude Include="..\Public\Kiryu_KRS_BattleStart.h">
      <Filter>02.GameObjects\02.Character\LandObject\00.Player\AnimationBehavior\KRS\BattleStart</Filter>
    </ClInclude>
    <ClInclude Include="..\Public\Kiryu_KRS_Idle.h">
      <Filter>02.GameObjects\02.Character\LandObject\00.Player\AnimationBehavior\KRS\Idle</Filter>
    </ClInclude>
    <ClInclude Include="..\Public\Kiryu_KRS_Run.h">
      <Filter>02.GameObjects\02.Character\LandObject\00.Player\AnimationBehavior\KRS\Run</Filter>
    </ClInclude>
    <ClInclude Include="..\Public\Kiryu_KRS_Sway.h">
      <Filter>02.GameObjects\02.Character\LandObject\00.Player\AnimationBehavior\KRS\Sway</Filter>
    </ClInclude>
    <ClInclude Include="..\Public\Kiryu_KRS_Walk.h">
      <Filter>02.GameObjects\02.Character\LandObject\00.Player\AnimationBehavior\KRS\Walk</Filter>
    </ClInclude>
    <ClInclude Include="..\Public\SocketEffect.h">
      <Filter>02.GameObjects\02.Character\PartObject\SocketObject\SocketEffect</Filter>
    </ClInclude>
    <ClInclude Include="..\public\AI_Monster.h">
      <Filter>02.GameObjects\02.Character\LandObject\01.Monster\AI</Filter>
    </ClInclude>
    <ClInclude Include="..\public\WPAYakuza.h">
      <Filter>02.GameObjects\02.Character\LandObject\01.Monster\Yakuza\01.WPAYakuza</Filter>
    </ClInclude>
    <ClInclude Include="..\public\AI_WPAYakuza.h">
      <Filter>02.GameObjects\02.Character\LandObject\01.Monster\Yakuza\01.WPAYakuza\AI</Filter>
    </ClInclude>
    <ClInclude Include="..\public\Level_Office1F.h">
      <Filter>01.Levels\01.Office1F</Filter>
    </ClInclude>
    <ClInclude Include="..\public\Level_Office2F.h">
      <Filter>01.Levels\02.Office2F</Filter>
    </ClInclude>
    <ClInclude Include="..\Public\Collision_Manager.h">
      <Filter>95.Utility\04.CollisionManager</Filter>
    </ClInclude>
    <ClInclude Include="..\public\Shakedown.h">
      <Filter>02.GameObjects\02.Character\LandObject\01.Monster\Shakedown</Filter>
    </ClInclude>
    <ClInclude Include="..\public\AI_Shakedown.h">
      <Filter>02.GameObjects\02.Character\LandObject\01.Monster\Shakedown\AI</Filter>
    </ClInclude>
    <ClInclude Include="..\public\Kuze.h">
      <Filter>02.GameObjects\02.Character\LandObject\01.Monster\Kuze</Filter>
    </ClInclude>
    <ClInclude Include="..\Public\SkyDome.h">
      <Filter>02.GameObjects\04.Sky\Dome</Filter>
    </ClInclude>
    <ClInclude Include="..\Public\AI_Kuze.h">
      <Filter>02.GameObjects\02.Character\LandObject\01.Monster\Kuze\AI</Filter>
    </ClInclude>
    <ClInclude Include="..\public\Yoneda.h">
      <Filter>02.GameObjects\02.Character\LandObject\01.Monster\Yoneda</Filter>
    </ClInclude>
    <ClInclude Include="..\public\AI_Yoneda.h">
      <Filter>02.GameObjects\02.Character\LandObject\01.Monster\Yoneda\AI</Filter>
    </ClInclude>
    <ClInclude Include="..\Public\MapColliderObj.h" />
    <ClInclude Include="..\Public\UIManager.h">
      <Filter>95.Utility\05.UIManager</Filter>
    </ClInclude>
    <ClInclude Include="..\Public\UIScene.h">
      <Filter>95.Utility\05.UIManager\UIScene</Filter>
    </ClInclude>
    <ClInclude Include="..\Public\UI_Object.h">
      <Filter>95.Utility\05.UIManager\UIScene\UIObject</Filter>
    </ClInclude>
    <ClInclude Include="..\Public\Btn.h">
      <Filter>95.Utility\05.UIManager\UIScene\UIObject\UITexture\Btn</Filter>
    </ClInclude>
    <ClInclude Include="..\Public\Image_Texture.h">
      <Filter>95.Utility\05.UIManager\UIScene\UIObject\UITexture\Image_Texture</Filter>
    </ClInclude>
    <ClInclude Include="..\Public\Group.h">
      <Filter>95.Utility\05.UIManager\UIScene\UIObject\Group</Filter>
    </ClInclude>
    <ClInclude Include="..\Public\Text.h">
      <Filter>95.Utility\05.UIManager\UIScene\UIObject\UITexture\Text</Filter>
    </ClInclude>
    <ClInclude Include="..\Public\UI_Effect.h">
      <Filter>95.Utility\05.UIManager\UIScene\UIObject\UITexture\UI_Effect</Filter>
    </ClInclude>
    <ClInclude Include="..\Public\UIInven.h">
      <Filter>95.Utility\05.UIManager\UIScene\UIInven</Filter>
    </ClInclude>
    <ClInclude Include="..\Public\UILife.h">
      <Filter>95.Utility\05.UIManager\UIScene\UILife</Filter>
    </ClInclude>
    <ClInclude Include="..\Public\UIMenu.h">
      <Filter>95.Utility\05.UIManager\UIScene\UIMenu</Filter>
    </ClInclude>
    <ClInclude Include="..\Public\UIMoney.h">
      <Filter>95.Utility\05.UIManager\UIScene\UIMoney</Filter>
    </ClInclude>
    <ClInclude Include="..\Public\InventoryManager.h">
      <Filter>95.Utility\05.UIManager\InventoryManager</Filter>
    </ClInclude>
    <ClInclude Include="..\Public\ItemData.h">
      <Filter>95.Utility\05.UIManager\InventoryManager\ItemData</Filter>
    </ClInclude>
    <ClInclude Include="..\Public\UI_Texture.h">
      <Filter>95.Utility\05.UIManager\UIScene\UIObject\UITexture</Filter>
    </ClInclude>
    <ClInclude Include="..\Public\MapColliderObj.h">
      <Filter>02.GameObjects\08. MapCollider\Obj</Filter>
    </ClInclude>
    <ClInclude Include="..\Public\Kiryu_KRS_KickCombo.h">
      <Filter>02.GameObjects\02.Character\LandObject\00.Player\AnimationBehavior\KRS\KickCombo</Filter>
    </ClInclude>
    <ClInclude Include="..\Public\Kiryu_KRH_Attack.h">
      <Filter>02.GameObjects\02.Character\LandObject\00.Player\AnimationBehavior\KRH\Attack</Filter>
    </ClInclude>
    <ClInclude Include="..\Public\Kiryu_KRH_BattleStart.h">
      <Filter>02.GameObjects\02.Character\LandObject\00.Player\AnimationBehavior\KRH\BattleStart</Filter>
    </ClInclude>
    <ClInclude Include="..\Public\Kiryu_KRH_Hit.h">
      <Filter>02.GameObjects\02.Character\LandObject\00.Player\AnimationBehavior\KRH\Hit</Filter>
    </ClInclude>
    <ClInclude Include="..\Public\Kiryu_KRH_Idle.h">
      <Filter>02.GameObjects\02.Character\LandObject\00.Player\AnimationBehavior\KRH\Idle</Filter>
    </ClInclude>
    <ClInclude Include="..\Public\Kiryu_KRH_Run.h">
      <Filter>02.GameObjects\02.Character\LandObject\00.Player\AnimationBehavior\KRH\Run</Filter>
    </ClInclude>
    <ClInclude Include="..\Public\Kiryu_KRH_Sway.h">
      <Filter>02.GameObjects\02.Character\LandObject\00.Player\AnimationBehavior\KRH\Sway</Filter>
    </ClInclude>
    <ClInclude Include="..\Public\Kiryu_KRH_Walk.h">
      <Filter>02.GameObjects\02.Character\LandObject\00.Player\AnimationBehavior\KRH\Walk</Filter>
    </ClInclude>
    <ClInclude Include="..\Public\Kiryu_KRC_Attack.h">
      <Filter>02.GameObjects\02.Character\LandObject\00.Player\AnimationBehavior\KRC\Attack</Filter>
    </ClInclude>
    <ClInclude Include="..\Public\Kiryu_KRC_BattleStart.h">
      <Filter>02.GameObjects\02.Character\LandObject\00.Player\AnimationBehavior\KRC\BattleStart</Filter>
    </ClInclude>
    <ClInclude Include="..\Public\Kiryu_KRC_Hit.h">
      <Filter>02.GameObjects\02.Character\LandObject\00.Player\AnimationBehavior\KRC\Hit</Filter>
    </ClInclude>
    <ClInclude Include="..\Public\Kiryu_KRC_Idle.h">
      <Filter>02.GameObjects\02.Character\LandObject\00.Player\AnimationBehavior\KRC\Idle</Filter>
    </ClInclude>
    <ClInclude Include="..\Public\Kiryu_KRC_Run.h">
      <Filter>02.GameObjects\02.Character\LandObject\00.Player\AnimationBehavior\KRC\Run</Filter>
    </ClInclude>
    <ClInclude Include="..\Public\Kiryu_KRC_Sway.h">
      <Filter>02.GameObjects\02.Character\LandObject\00.Player\AnimationBehavior\KRC\Sway</Filter>
    </ClInclude>
    <ClInclude Include="..\Public\Kiryu_KRC_Walk.h">
      <Filter>02.GameObjects\02.Character\LandObject\00.Player\AnimationBehavior\KRC\Walk</Filter>
    </ClInclude>
    <ClInclude Include="..\public\Level_OfficeBoss.h">
      <Filter>01.Levels\03.OfficeBoss</Filter>
    </ClInclude>
    <ClInclude Include="..\Public\Level_Dogimazo.h">
      <Filter>01.Levels\04.Dogimazo</Filter>
    </ClInclude>
    <ClInclude Include="..\Public\Level_DogimazoBoss.h">
      <Filter>01.Levels\06.DogimazoBoss</Filter>
    </ClInclude>
    <ClInclude Include="..\Public\Level_DogimazoStairs.h">
      <Filter>01.Levels\05.DogimazoStairs</Filter>
    </ClInclude>
    <ClInclude Include="..\Public\LightConstruction.h">
      <Filter>02.GameObjects\03.Construction\LightConstruction</Filter>
    </ClInclude>
    <ClInclude Include="..\Public\Kiryu_KRS_FlyKick.h">
      <Filter>02.GameObjects\02.Character\LandObject\00.Player\AnimationBehavior\KRS\Kick</Filter>
    </ClInclude>
    <ClInclude Include="..\public\Yoneda.h">
      <Filter>02.GameObjects\02.Character\LandObject\01.Monster\Yoneda</Filter>
    </ClInclude>
    <ClInclude Include="..\public\AI_Yoneda.h">
      <Filter>02.GameObjects\02.Character\LandObject\01.Monster\Yoneda\AI</Filter>
    </ClInclude>
    <ClInclude Include="..\Public\AI_Kuze.h">
      <Filter>02.GameObjects\02.Character\LandObject\01.Monster\Kuze\AI</Filter>
    </ClInclude>
    <ClInclude Include="..\Public\UILoading.h">
      <Filter>95.Utility\05.UIManager\UIScene\UILoading</Filter>
    </ClInclude>
    <ClInclude Include="..\Public\UINowLoading.h">
      <Filter>95.Utility\05.UIManager\UIScene\UINowLoading</Filter>
	</ClInclude>
    <ClInclude Include="..\Public\Kiryu_KRS_Down.h">
      <Filter>02.GameObjects\02.Character\LandObject\00.Player\AnimationBehavior\KRS\Down</Filter>
    </ClInclude>
    <ClInclude Include="..\Public\Kiryu_KRH_Down.h">
      <Filter>02.GameObjects\02.Character\LandObject\00.Player\AnimationBehavior\KRH\Down</Filter>
    </ClInclude>
    <ClInclude Include="..\Public\Kiryu_KRC_Down.h">
      <Filter>02.GameObjects\02.Character\LandObject\00.Player\AnimationBehavior\KRC\Down</Filter>
    </ClInclude>
  </ItemGroup>
  <ItemGroup>
    <Image Include="Client.ico">
      <Filter>98.Default</Filter>
    </Image>
    <Image Include="small.ico">
      <Filter>98.Default</Filter>
    </Image>
  </ItemGroup>
  <ItemGroup>
    <Filter Include="00.MainApp">
      <UniqueIdentifier>{556d0fda-c211-44a2-8eb0-f1fedf692025}</UniqueIdentifier>
    </Filter>
    <Filter Include="01.Levels">
      <UniqueIdentifier>{8762df37-1df7-49b9-bc92-aa62eb512607}</UniqueIdentifier>
    </Filter>
    <Filter Include="99.Header">
      <UniqueIdentifier>{096b7d7c-e416-4780-b109-13a0e4e5c69c}</UniqueIdentifier>
    </Filter>
    <Filter Include="98.Default">
      <UniqueIdentifier>{94832e48-12d0-4400-bf7f-5a6b4b8192ad}</UniqueIdentifier>
    </Filter>
    <Filter Include="01.Levels\00.Logo">
      <UniqueIdentifier>{acd6bdc4-297f-4e89-9454-3abb81d2846b}</UniqueIdentifier>
    </Filter>
    <Filter Include="01.Levels\99.Loading">
      <UniqueIdentifier>{d06dab47-5003-4361-b6d8-c34dff86b5a8}</UniqueIdentifier>
    </Filter>
    <Filter Include="01.Levels\99.Loading\Loader">
      <UniqueIdentifier>{deceae20-eac1-4897-90e4-6be64c64fa48}</UniqueIdentifier>
    </Filter>
    <Filter Include="02.GameObjects">
      <UniqueIdentifier>{e5fc0de4-b0a4-439f-89c9-ec57d1daef08}</UniqueIdentifier>
    </Filter>
    <Filter Include="02.GameObjects\00.Background">
      <UniqueIdentifier>{c18ce2b0-c7ef-4e90-bb67-aab07f07bb8a}</UniqueIdentifier>
    </Filter>
    <Filter Include="97.ShaderFiles">
      <UniqueIdentifier>{e27accf3-8246-4c7b-ac82-cf4f465ec7fb}</UniqueIdentifier>
    </Filter>
    <Filter Include="01.Levels\98.Test">
      <UniqueIdentifier>{a3687eeb-93e4-4da9-95c3-692e153c991f}</UniqueIdentifier>
    </Filter>
    <Filter Include="02.GameObjects\99.Camera">
      <UniqueIdentifier>{b978604e-76c6-4218-b76a-65d7fa390062}</UniqueIdentifier>
    </Filter>
    <Filter Include="02.GameObjects\99.Camera\00.PlayerCamera">
      <UniqueIdentifier>{d5756e02-bf35-4115-b890-fdff7cc98ae1}</UniqueIdentifier>
    </Filter>
    <Filter Include="02.GameObjects\99.Camera\99.DebugCamera">
      <UniqueIdentifier>{a56dc720-b3f2-49f1-993d-86fd054eb9be}</UniqueIdentifier>
    </Filter>
    <Filter Include="95.Utility">
      <UniqueIdentifier>{9bca135e-c393-4bb2-a0b4-5839f0e58aff}</UniqueIdentifier>
    </Filter>
    <Filter Include="95.Utility\00.System">
      <UniqueIdentifier>{7faf8060-da7b-404d-8597-061be83e3f43}</UniqueIdentifier>
    </Filter>
    <Filter Include="95.Utility\01.DebugTool">
      <UniqueIdentifier>{2f4ea963-e06b-4dd5-a81c-e4aa02203d9f}</UniqueIdentifier>
    </Filter>
    <Filter Include="96.ImGui">
      <UniqueIdentifier>{7b5a03ce-7679-4274-97a9-075ee883f3f1}</UniqueIdentifier>
    </Filter>
    <Filter Include="02.GameObjects\99.Camera\01.CineCamera">
      <UniqueIdentifier>{9380684d-69ad-4059-a4ff-cd5b6adc4875}</UniqueIdentifier>
    </Filter>
    <Filter Include="95.Utility\02.FileTotalMgr">
      <UniqueIdentifier>{843f8ce4-c1d6-4160-8deb-14b1689d5a35}</UniqueIdentifier>
    </Filter>
    <Filter Include="02.GameObjects\04.Sky">
      <UniqueIdentifier>{a460082c-6b47-48ad-8b77-a08f0fc04941}</UniqueIdentifier>
    </Filter>
    <Filter Include="02.GameObjects\05.Decal">
      <UniqueIdentifier>{a6493902-ed5b-46a7-a21f-1f965ca56dd4}</UniqueIdentifier>
    </Filter>
    <Filter Include="02.GameObjects\06.Effect">
      <UniqueIdentifier>{8453b934-ceb3-4373-9731-9aff5f9a923e}</UniqueIdentifier>
    </Filter>
    <Filter Include="02.GameObjects\06.Effect\Point">
      <UniqueIdentifier>{3e39e219-241e-44c2-bab6-73ebd1642692}</UniqueIdentifier>
    </Filter>
    <Filter Include="02.GameObjects\06.Effect\Trail">
      <UniqueIdentifier>{d637f30f-2167-4420-bb64-cc2966bdd0fa}</UniqueIdentifier>
    </Filter>
    <Filter Include="02.GameObjects\01.Terrain">
      <UniqueIdentifier>{73fc58be-6ca4-4e86-b2ac-39c7c7e26f66}</UniqueIdentifier>
    </Filter>
    <Filter Include="02.GameObjects\02.Character">
      <UniqueIdentifier>{a666196a-f926-41d0-a823-380685d12205}</UniqueIdentifier>
    </Filter>
    <Filter Include="02.GameObjects\02.Character\CharacterData">
      <UniqueIdentifier>{d47f23c7-f09f-46fd-a441-f1561bb9a95a}</UniqueIdentifier>
    </Filter>
    <Filter Include="02.GameObjects\02.Character\PartObject">
      <UniqueIdentifier>{83de469b-7019-4bed-9e97-276b7f63de30}</UniqueIdentifier>
    </Filter>
    <Filter Include="02.GameObjects\03.Construction">
      <UniqueIdentifier>{95e29977-56e8-4ee9-b1c8-71236bd9d68b}</UniqueIdentifier>
    </Filter>
    <Filter Include="02.GameObjects\06.Effect\Aura">
      <UniqueIdentifier>{e1163822-540f-4bdd-9163-9b24fe1b27c1}</UniqueIdentifier>
    </Filter>
    <Filter Include="02.GameObjects\08. MapCollider">
      <UniqueIdentifier>{28cec43f-865c-488e-83e1-e6b15b632319}</UniqueIdentifier>
    </Filter>
    <Filter Include="95.Utility\03.BehaviorTree">
      <UniqueIdentifier>{490f9c94-1bca-41c9-a680-f2eb77882221}</UniqueIdentifier>
    </Filter>
    <Filter Include="95.Utility\03.BehaviorTree\SquanceNode">
      <UniqueIdentifier>{a2c51b61-3052-4f69-9513-7d8956a5fbfd}</UniqueIdentifier>
    </Filter>
    <Filter Include="95.Utility\03.BehaviorTree\SelectorNode">
      <UniqueIdentifier>{9bcb482e-8cd8-46b9-ba50-2f2da538a375}</UniqueIdentifier>
    </Filter>
    <Filter Include="95.Utility\03.BehaviorTree\LeafNode">
      <UniqueIdentifier>{3352b812-faf6-4a67-8b29-1e9df787da34}</UniqueIdentifier>
    </Filter>
    <Filter Include="02.GameObjects\02.Character\PartObject\SocketObject">
      <UniqueIdentifier>{5ecdde66-d1d6-47ad-8170-66d5ccd28aa5}</UniqueIdentifier>
    </Filter>
    <Filter Include="01.Levels\01.Office1F">
      <UniqueIdentifier>{93e0ad20-97d5-4c82-8681-669fe5987803}</UniqueIdentifier>
    </Filter>
    <Filter Include="01.Levels\02.Office2F">
      <UniqueIdentifier>{1248b5da-70c7-4199-9597-40c53e064f0a}</UniqueIdentifier>
    </Filter>
    <Filter Include="95.Utility\04.CollisionManager">
      <UniqueIdentifier>{43f7aea2-8b44-48b5-8565-d0e4557344a8}</UniqueIdentifier>
    </Filter>
    <Filter Include="02.GameObjects\04.Sky\Dome">
      <UniqueIdentifier>{81f7471f-237e-45ae-a6af-15b9cf067a60}</UniqueIdentifier>
    </Filter>
    <Filter Include="02.GameObjects\08. MapCollider\Obj">
      <UniqueIdentifier>{4e8421d6-5ada-48ec-9fce-0aed349f2f59}</UniqueIdentifier>
    </Filter>
    <Filter Include="02.GameObjects\03.Construction\LightConstruction">
      <UniqueIdentifier>{66dcb392-2821-4235-8686-00b40a167705}</UniqueIdentifier>
    </Filter>
    <Filter Include="95.Utility\05.UIManager">
      <UniqueIdentifier>{a9202d9c-ebfb-42c2-8f41-ba5c40000cda}</UniqueIdentifier>
    </Filter>
    <Filter Include="95.Utility\05.UIManager\UIScene">
      <UniqueIdentifier>{83ce56e8-0e17-4ffc-b2e5-000528c20f54}</UniqueIdentifier>
    </Filter>
    <Filter Include="95.Utility\05.UIManager\UIScene\UIObject">
      <UniqueIdentifier>{5c86afa3-8050-43e6-be46-c45bd8c73406}</UniqueIdentifier>
    </Filter>
    <Filter Include="95.Utility\05.UIManager\UIScene\UIInven">
      <UniqueIdentifier>{5a2d21e4-6e70-41b2-9ba4-d716f92d65a3}</UniqueIdentifier>
    </Filter>
    <Filter Include="95.Utility\05.UIManager\UIScene\UILife">
      <UniqueIdentifier>{252a1ef7-55e9-46cf-a20a-72d190aff5b7}</UniqueIdentifier>
    </Filter>
    <Filter Include="95.Utility\05.UIManager\UIScene\UIMenu">
      <UniqueIdentifier>{2f9119e0-9ea5-4bdf-b2af-3e897c0854c0}</UniqueIdentifier>
    </Filter>
    <Filter Include="95.Utility\05.UIManager\UIScene\UIMoney">
      <UniqueIdentifier>{7e36ba30-a92e-4595-bba6-d760cf7feefb}</UniqueIdentifier>
    </Filter>
    <Filter Include="95.Utility\05.UIManager\InventoryManager">
      <UniqueIdentifier>{ec9969f6-f3fc-42e1-bb34-c5b79b4087a3}</UniqueIdentifier>
    </Filter>
    <Filter Include="95.Utility\05.UIManager\InventoryManager\ItemData">
      <UniqueIdentifier>{1b6edbda-4992-4482-8fe5-f74f11bf2ce4}</UniqueIdentifier>
    </Filter>
    <Filter Include="95.Utility\05.UIManager\UIScene\UIObject\UITexture">
      <UniqueIdentifier>{8b20b3a1-e821-47b7-9519-e6bda1f9c855}</UniqueIdentifier>
    </Filter>
    <Filter Include="95.Utility\05.UIManager\UIScene\UIObject\UITexture\UI_Effect">
      <UniqueIdentifier>{7687d4f7-e9b7-4653-9727-d52abd2dc4e5}</UniqueIdentifier>
    </Filter>
    <Filter Include="95.Utility\05.UIManager\UIScene\UIObject\UITexture\Text">
      <UniqueIdentifier>{7e154e24-f9cd-44d6-98a0-3740478d46b4}</UniqueIdentifier>
    </Filter>
    <Filter Include="95.Utility\05.UIManager\UIScene\UIObject\UITexture\Image_Texture">
      <UniqueIdentifier>{7ba24c26-5011-468c-9922-c8db8eb8224c}</UniqueIdentifier>
    </Filter>
    <Filter Include="95.Utility\05.UIManager\UIScene\UIObject\UITexture\Btn">
      <UniqueIdentifier>{76b96514-5b82-403e-858f-16580839fe1e}</UniqueIdentifier>
    </Filter>
    <Filter Include="95.Utility\05.UIManager\UIScene\UIObject\Group">
      <UniqueIdentifier>{4978f2c8-2f0c-4e8e-aee4-94423890d362}</UniqueIdentifier>
    </Filter>
    <Filter Include="01.Levels\03.OfficeBoss">
      <UniqueIdentifier>{40398097-918f-4cc8-8582-5b3b7d76ae90}</UniqueIdentifier>
    </Filter>
    <Filter Include="01.Levels\04.Dogimazo">
      <UniqueIdentifier>{da1f6629-4506-47f7-9915-8f4b5f5fa2f9}</UniqueIdentifier>
    </Filter>
    <Filter Include="01.Levels\06.DogimazoBoss">
      <UniqueIdentifier>{c3987abd-0a35-468c-b0db-541aa2913f3b}</UniqueIdentifier>
    </Filter>
    <Filter Include="95.Utility\05.UIManager\UIScene\UIObject\UITexture">
      <UniqueIdentifier>{8b20b3a1-e821-47b7-9519-e6bda1f9c855}</UniqueIdentifier>
    </Filter>
    <Filter Include="95.Utility\05.UIManager\UIScene\UIObject\UITexture\UI_Effect">
      <UniqueIdentifier>{7687d4f7-e9b7-4653-9727-d52abd2dc4e5}</UniqueIdentifier>
    </Filter>
    <Filter Include="95.Utility\05.UIManager\UIScene\UIObject\UITexture\Text">
      <UniqueIdentifier>{7e154e24-f9cd-44d6-98a0-3740478d46b4}</UniqueIdentifier>
    </Filter>
    <Filter Include="95.Utility\05.UIManager\UIScene\UIObject\UITexture\Image_Texture">
      <UniqueIdentifier>{7ba24c26-5011-468c-9922-c8db8eb8224c}</UniqueIdentifier>
    </Filter>
    <Filter Include="95.Utility\05.UIManager\UIScene\UIObject\UITexture\Btn">
      <UniqueIdentifier>{76b96514-5b82-403e-858f-16580839fe1e}</UniqueIdentifier>
    </Filter>
    <Filter Include="95.Utility\05.UIManager\UIScene\UIObject\Group">
      <UniqueIdentifier>{4978f2c8-2f0c-4e8e-aee4-94423890d362}</UniqueIdentifier>
    </Filter>
    <Filter Include="95.Utility\05.UIManager\UIScene\UIInven">
      <UniqueIdentifier>{5a2d21e4-6e70-41b2-9ba4-d716f92d65a3}</UniqueIdentifier>
    </Filter>
    <Filter Include="95.Utility\05.UIManager\UIScene\UILife">
      <UniqueIdentifier>{252a1ef7-55e9-46cf-a20a-72d190aff5b7}</UniqueIdentifier>
    </Filter>
    <Filter Include="95.Utility\05.UIManager\UIScene\UIMenu">
      <UniqueIdentifier>{2f9119e0-9ea5-4bdf-b2af-3e897c0854c0}</UniqueIdentifier>
    </Filter>
    <Filter Include="95.Utility\05.UIManager\UIScene\UIMoney">
      <UniqueIdentifier>{7e36ba30-a92e-4595-bba6-d760cf7feefb}</UniqueIdentifier>
    </Filter>
    <Filter Include="95.Utility\05.UIManager\InventoryManager">
      <UniqueIdentifier>{ec9969f6-f3fc-42e1-bb34-c5b79b4087a3}</UniqueIdentifier>
    </Filter>
    <Filter Include="95.Utility\05.UIManager\InventoryManager\ItemData">
      <UniqueIdentifier>{1b6edbda-4992-4482-8fe5-f74f11bf2ce4}</UniqueIdentifier>
    </Filter>
    <Filter Include="01.Levels\05.DogimazoStairs">
      <UniqueIdentifier>{6ad6a7d5-8a3a-4b60-90c6-c60a0fc7b848}</UniqueIdentifier>
    </Filter>
    <Filter Include="02.GameObjects\02.Character\LandObject">
      <UniqueIdentifier>{9fbfc139-fa7b-4bb5-8bfa-68ab385abcc7}</UniqueIdentifier>
    </Filter>
    <Filter Include="02.GameObjects\02.Character\LandObject\00.Player">
      <UniqueIdentifier>{8f8aa033-d0f3-43b6-ae6e-e95d1f3c776f}</UniqueIdentifier>
    </Filter>
    <Filter Include="02.GameObjects\02.Character\LandObject\00.Player\AnimationBehavior">
      <UniqueIdentifier>{5ece0b8f-54a5-4e8e-935e-6800ae4bd425}</UniqueIdentifier>
    </Filter>
    <Filter Include="02.GameObjects\02.Character\LandObject\00.Player\AnimationBehavior\KRS">
      <UniqueIdentifier>{2e79bf21-5424-4bbb-974c-c3af527ca698}</UniqueIdentifier>
    </Filter>
    <Filter Include="02.GameObjects\02.Character\LandObject\00.Player\AnimationBehavior\KRS\Attack">
      <UniqueIdentifier>{af748daf-3b67-450b-a834-8f3c58512bc2}</UniqueIdentifier>
    </Filter>
    <Filter Include="02.GameObjects\02.Character\LandObject\00.Player\AnimationBehavior\KRS\Hit">
      <UniqueIdentifier>{b6d1caf0-5614-4158-a6ec-26762e76566f}</UniqueIdentifier>
    </Filter>
    <Filter Include="02.GameObjects\02.Character\LandObject\00.Player\AnimationBehavior\KRS\BattleStart">
      <UniqueIdentifier>{24d714ab-e911-4f19-9f10-59ee9c7f2896}</UniqueIdentifier>
    </Filter>
    <Filter Include="02.GameObjects\02.Character\LandObject\00.Player\AnimationBehavior\KRS\Idle">
      <UniqueIdentifier>{6afb6683-e3a9-43dd-84d4-13c0e154dffc}</UniqueIdentifier>
    </Filter>
    <Filter Include="02.GameObjects\02.Character\LandObject\00.Player\AnimationBehavior\KRS\Run">
      <UniqueIdentifier>{753ccaf5-3ccb-450d-b56c-b0fb41508333}</UniqueIdentifier>
    </Filter>
    <Filter Include="02.GameObjects\02.Character\LandObject\00.Player\AnimationBehavior\KRS\Sway">
      <UniqueIdentifier>{0832b841-afdc-478b-b7a0-a6155b72dd6e}</UniqueIdentifier>
    </Filter>
    <Filter Include="02.GameObjects\02.Character\LandObject\00.Player\AnimationBehavior\KRS\Walk">
      <UniqueIdentifier>{9d473ed7-1045-45b0-b810-601d5ce04716}</UniqueIdentifier>
    </Filter>
    <Filter Include="02.GameObjects\02.Character\LandObject\00.Player\AnimationBehavior\KRS\KickCombo">
      <UniqueIdentifier>{72158909-e047-4d28-ab17-be6d25e67c58}</UniqueIdentifier>
    </Filter>
    <Filter Include="02.GameObjects\02.Character\LandObject\00.Player\AnimationBehavior\KRS\Down">
      <UniqueIdentifier>{411f4610-fe97-4d33-920b-5bb3aace9a06}</UniqueIdentifier>
    </Filter>
    <Filter Include="02.GameObjects\02.Character\LandObject\00.Player\AnimationBehavior\KRH">
      <UniqueIdentifier>{1d4cafe1-9cb2-45ed-bfe3-aa4c3bdc39ae}</UniqueIdentifier>
    </Filter>
    <Filter Include="02.GameObjects\02.Character\LandObject\00.Player\AnimationBehavior\KRH\BattleStart">
      <UniqueIdentifier>{46e340d0-46a7-4a2b-91b9-064ee1157713}</UniqueIdentifier>
    </Filter>
    <Filter Include="02.GameObjects\02.Character\LandObject\00.Player\AnimationBehavior\KRH\Idle">
      <UniqueIdentifier>{18f81c01-481a-457c-b573-6bdeb570882c}</UniqueIdentifier>
    </Filter>
    <Filter Include="02.GameObjects\02.Character\LandObject\00.Player\AnimationBehavior\KRH\Walk">
      <UniqueIdentifier>{2678933d-7668-41e1-a7cc-74c249426a81}</UniqueIdentifier>
    </Filter>
    <Filter Include="02.GameObjects\02.Character\LandObject\00.Player\AnimationBehavior\KRH\Run">
      <UniqueIdentifier>{17aa0652-59b1-4433-99c7-7b0d04b562b9}</UniqueIdentifier>
    </Filter>
    <Filter Include="02.GameObjects\02.Character\LandObject\00.Player\AnimationBehavior\KRH\Hit">
      <UniqueIdentifier>{4e902025-ef9b-428a-a4bf-3c5ffd96488f}</UniqueIdentifier>
    </Filter>
    <Filter Include="02.GameObjects\02.Character\LandObject\00.Player\AnimationBehavior\KRH\Sway">
      <UniqueIdentifier>{177254a2-f938-4bcf-832b-651a89c71db0}</UniqueIdentifier>
    </Filter>
    <Filter Include="02.GameObjects\02.Character\LandObject\00.Player\AnimationBehavior\KRH\Down">
      <UniqueIdentifier>{77a71db9-7253-4b34-b5b5-0c33cc5c900c}</UniqueIdentifier>
    </Filter>
    <Filter Include="02.GameObjects\02.Character\LandObject\00.Player\AnimationBehavior\KRH\Attack">
      <UniqueIdentifier>{6953a11a-cc95-482b-8336-fe9b43317e6c}</UniqueIdentifier>
    </Filter>
    <Filter Include="02.GameObjects\02.Character\LandObject\00.Player\AnimationBehavior\KRC">
      <UniqueIdentifier>{20354a45-b413-4665-8872-2dd9ad500c03}</UniqueIdentifier>
    </Filter>
    <Filter Include="02.GameObjects\02.Character\LandObject\00.Player\AnimationBehavior\KRC\Attack">
      <UniqueIdentifier>{04ed9b66-b8f1-43b7-95bc-9788034fe343}</UniqueIdentifier>
    </Filter>
    <Filter Include="02.GameObjects\02.Character\LandObject\00.Player\AnimationBehavior\KRC\BattleStart">
      <UniqueIdentifier>{c97e779b-c5cb-4626-a965-f83263c847ac}</UniqueIdentifier>
    </Filter>
    <Filter Include="02.GameObjects\02.Character\LandObject\00.Player\AnimationBehavior\KRC\Hit">
      <UniqueIdentifier>{89f935c2-efbe-4088-9fc1-04a965ba2448}</UniqueIdentifier>
    </Filter>
    <Filter Include="02.GameObjects\02.Character\LandObject\00.Player\AnimationBehavior\KRC\Idle">
      <UniqueIdentifier>{417549be-3e74-4941-aafd-0beaf5a30d96}</UniqueIdentifier>
    </Filter>
    <Filter Include="02.GameObjects\02.Character\LandObject\00.Player\AnimationBehavior\KRC\Sway">
      <UniqueIdentifier>{758aea8f-a11c-407a-a089-46d20ce44eac}</UniqueIdentifier>
    </Filter>
    <Filter Include="02.GameObjects\02.Character\LandObject\00.Player\AnimationBehavior\KRC\Walk">
      <UniqueIdentifier>{2d6ebb7e-09ee-4ed6-8dc7-1555022a0ff6}</UniqueIdentifier>
    </Filter>
    <Filter Include="02.GameObjects\02.Character\LandObject\00.Player\AnimationBehavior\KRC\Run">
      <UniqueIdentifier>{05554c49-48f2-436a-81e4-f66627213c96}</UniqueIdentifier>
    </Filter>
    <Filter Include="02.GameObjects\02.Character\LandObject\00.Player\AnimationBehavior\Adventure">
      <UniqueIdentifier>{01eb585a-455f-4390-bc11-248673075203}</UniqueIdentifier>
    </Filter>
    <Filter Include="02.GameObjects\02.Character\LandObject\00.Player\AnimationBehavior\Adventure\Idle">
      <UniqueIdentifier>{db4f74c4-76cc-4218-868f-66ccee366159}</UniqueIdentifier>
    </Filter>
    <Filter Include="02.GameObjects\02.Character\LandObject\00.Player\AnimationBehavior\Adventure\Run">
      <UniqueIdentifier>{b50b0e94-8792-4c99-83ca-c65719880701}</UniqueIdentifier>
    </Filter>
    <Filter Include="02.GameObjects\02.Character\LandObject\00.Player\AnimationBehavior\Adventure\Walk">
      <UniqueIdentifier>{61c6b900-fea8-49ce-b5e2-a428e2dd1444}</UniqueIdentifier>
    </Filter>
    <Filter Include="02.GameObjects\02.Character\LandObject\01.Monster">
      <UniqueIdentifier>{45d3ed81-5372-4412-bf1f-89cbd1f74552}</UniqueIdentifier>
    </Filter>
    <Filter Include="02.GameObjects\02.Character\LandObject\01.Monster\AI">
      <UniqueIdentifier>{7c984c39-25b1-4b6b-b10a-cd7e33117ecd}</UniqueIdentifier>
    </Filter>
    <Filter Include="02.GameObjects\02.Character\LandObject\01.Monster\Yakuza">
      <UniqueIdentifier>{24b27e4b-f104-4dd9-b8b0-a0eeb1f91357}</UniqueIdentifier>
    </Filter>
    <Filter Include="02.GameObjects\02.Character\LandObject\01.Monster\Yakuza\00.RushYakuza">
      <UniqueIdentifier>{58dcf1b7-f012-4f21-92c4-d4317d03352d}</UniqueIdentifier>
    </Filter>
    <Filter Include="02.GameObjects\02.Character\LandObject\01.Monster\Yakuza\00.RushYakuza\AI">
      <UniqueIdentifier>{9e849697-ae77-4632-b243-cfb720c7f930}</UniqueIdentifier>
    </Filter>
    <Filter Include="02.GameObjects\02.Character\LandObject\01.Monster\Yakuza\01.WPAYakuza">
      <UniqueIdentifier>{3704e0ba-7ed6-4e63-8e8b-f61177bd0faf}</UniqueIdentifier>
    </Filter>
    <Filter Include="02.GameObjects\02.Character\LandObject\01.Monster\Yakuza\01.WPAYakuza\AI">
      <UniqueIdentifier>{ef0c8a11-98f3-45df-981d-12a77f36e84a}</UniqueIdentifier>
    </Filter>
    <Filter Include="02.GameObjects\02.Character\LandObject\01.Monster\Kuze">
      <UniqueIdentifier>{a9b58fce-7d6f-4a11-b6d9-392394cb6b6b}</UniqueIdentifier>
    </Filter>
    <Filter Include="02.GameObjects\02.Character\LandObject\01.Monster\Kuze\AI">
      <UniqueIdentifier>{7a5d0ae0-e2c2-40be-bcf3-91e5079f1854}</UniqueIdentifier>
    </Filter>
    <Filter Include="02.GameObjects\02.Character\LandObject\01.Monster\Shakedown">
      <UniqueIdentifier>{5e40b008-37a1-4a45-8157-605b1207b571}</UniqueIdentifier>
    </Filter>
    <Filter Include="02.GameObjects\02.Character\LandObject\01.Monster\Shakedown\AI">
      <UniqueIdentifier>{b1020963-a080-4a4f-aae3-e4c2b01b1a01}</UniqueIdentifier>
    </Filter>
    <Filter Include="02.GameObjects\02.Character\LandObject\01.Monster\Yoneda">
      <UniqueIdentifier>{88d812e2-894f-4605-8fca-4c8e35857e46}</UniqueIdentifier>
    </Filter>
    <Filter Include="02.GameObjects\02.Character\LandObject\01.Monster\Yoneda\AI">
      <UniqueIdentifier>{ce943862-3c8c-4c61-af0a-695062dd5489}</UniqueIdentifier>
    </Filter>
    <Filter Include="02.GameObjects\02.Character\LandObject\00.Player\AnimationBehavior\KRS\Kick">
      <UniqueIdentifier>{a9945f42-cce3-48fc-9eb8-92b573bbc48c}</UniqueIdentifier>
    </Filter>
    <Filter Include="95.Utility\05.UIManager\UIScene\UILoading">
      <UniqueIdentifier>{28a57a2e-3ddc-4618-946e-d1f1d605ee62}</UniqueIdentifier>
    </Filter>
    <Filter Include="95.Utility\05.UIManager\UIScene\UINowLoading">
      <UniqueIdentifier>{c4f58730-64e2-429e-a674-89a880b4483f}</UniqueIdentifier>
	</Filter>
    <Filter Include="02.GameObjects\02.Character\PartObject\SocketObject\SocketEffect">
      <UniqueIdentifier>{9f450e59-cfd3-4163-ba5b-93f729ea938c}</UniqueIdentifier>
    </Filter>
    <Filter Include="02.GameObjects\02.Character\PartObject\SocketObject\SocketCollider">
      <UniqueIdentifier>{260596ca-843e-47fe-ae9b-3a65ebc2b9a0}</UniqueIdentifier>
    </Filter>
    <Filter Include="02.GameObjects\02.Character\LandObject\00.Player\AnimationBehavior\KRC\Down">
      <UniqueIdentifier>{d637aab2-a6a6-48f2-9052-428c77df965b}</UniqueIdentifier>
    </Filter>
  </ItemGroup>
  <ItemGroup>
    <ResourceCompile Include="Client.rc">
      <Filter>98.Default</Filter>
    </ResourceCompile>
  </ItemGroup>
  <ItemGroup>
    <FxCompile Include="..\Bin\ShaderFiles\Shader_VtxPosTex.hlsl">
      <Filter>97.ShaderFiles</Filter>
    </FxCompile>
    <FxCompile Include="..\Bin\ShaderFiles\Shader_VtxMesh.hlsl">
      <Filter>97.ShaderFiles</Filter>
    </FxCompile>
    <FxCompile Include="..\Bin\ShaderFiles\Shader_VtxAnimMesh.hlsl">
      <Filter>97.ShaderFiles</Filter>
    </FxCompile>
    <FxCompile Include="..\Bin\ShaderFiles\Shader_VtxNorTex.hlsl">
      <Filter>97.ShaderFiles</Filter>
    </FxCompile>
    <FxCompile Include="..\Bin\ShaderFiles\Shader_VtxCube.hlsl">
      <Filter>97.ShaderFiles</Filter>
    </FxCompile>
    <FxCompile Include="..\Bin\ShaderFiles\Shader_VtxInstance_Point.hlsl">
      <Filter>97.ShaderFiles</Filter>
    </FxCompile>
    <FxCompile Include="..\Bin\ShaderFiles\Shader_Trail.hlsl">
      <Filter>97.ShaderFiles</Filter>
    </FxCompile>
    <FxCompile Include="..\Bin\ShaderFiles\Shader_Aura.hlsl">
      <Filter>97.ShaderFiles</Filter>
    </FxCompile>
    <FxCompile Include="..\Bin\ShaderFiles\Shader_VtxMeshSky.hlsl">
      <Filter>97.ShaderFiles</Filter>
    </FxCompile>
    <FxCompile Include="..\Bin\ShaderFiles\Shader_VtxMeshLight.hlsl">
      <Filter>97.ShaderFiles</Filter>
    </FxCompile>
    <FxCompile Include="..\Bin\ShaderFiles\Shader_VtxUI.hlsl">
      <Filter>97.ShaderFiles</Filter>
    </FxCompile>
  </ItemGroup>
  <ItemGroup>
    <None Include="..\Bin\ShaderFiles\Shader_Client_Defines.hlsli">
      <Filter>97.ShaderFiles</Filter>
    </None>
  </ItemGroup>
</Project>